
Microsoft Visual Studio Solution File, Format Version 12.00
# Visual Studio Version 16
VisualStudioVersion = 16.0.30309.148
MinimumVisualStudioVersion = 10.0.40219.1
Project("{2150E333-8FDC-42A3-9474-1A3956D46DE8}") = "EnterpriseApp1.Core", "EnterpriseApp1.Core", "{E7B25EA8-2567-4DE5-8D5A-8371E5622CBD}"
EndProject
Project("{FAE04EC0-301F-11D3-BF4B-00C04F79EFBC}") = "EnterpriseApp1.Core", "EnterpriseApp1.Core\EnterpriseApp1.Core\EnterpriseApp1.Core.csproj", "{AC25E89D-CA9A-42E1-A97A-BA227BF53F34}"
EndProject
Project("{2150E333-8FDC-42A3-9474-1A3956D46DE8}") = "EnterpriseApp1.Mobile", "EnterpriseApp1.Mobile", "{EDC03951-F2CE-4A71-88AF-D112C339E7D5}"
EndProject
Project("{FAE04EC0-301F-11D3-BF4B-00C04F79EFBC}") = "EnterpriseApp1.Mobile", "EnterpriseApp1.Mobile\EnterpriseApp1.Mobile\EnterpriseApp1.Mobile.csproj", "{351F3437-BDDC-4627-B2A2-D373F9016F92}"
EndProject
Project("{FAE04EC0-301F-11D3-BF4B-00C04F79EFBC}") = "EnterpriseApp1.Mobile.Android", "EnterpriseApp1.Mobile\EnterpriseApp1.Mobile.Android\EnterpriseApp1.Mobile.Android.csproj", "{CFA78A7C-EFD5-4262-B59B-64926EA6E0C2}"
EndProject
Project("{FAE04EC0-301F-11D3-BF4B-00C04F79EFBC}") = "EnterpriseApp1.Mobile.iOS", "EnterpriseApp1.Mobile\EnterpriseApp1.Mobile.iOS\EnterpriseApp1.Mobile.iOS.csproj", "{6F6476AE-9004-41D0-B7D3-870F31286335}"
EndProject
Project("{FAE04EC0-301F-11D3-BF4B-00C04F79EFBC}") = "EnterpriseApp1.Mobile.Tizen", "EnterpriseApp1.Mobile\EnterpriseApp1.Mobile.Tizen\EnterpriseApp1.Mobile.Tizen.csproj", "{203FAE52-CE17-4CDB-94D7-BB6FC7946BCE}"
EndProject
Project("{FAE04EC0-301F-11D3-BF4B-00C04F79EFBC}") = "EnterpriseApp1.Mobile.UWP", "EnterpriseApp1.Mobile\EnterpriseApp1.Mobile.UWP\EnterpriseApp1.Mobile.UWP.csproj", "{EDB152EE-7E43-47C0-A44F-908637FA8A43}"
EndProject
Project("{2150E333-8FDC-42A3-9474-1A3956D46DE8}") = "EnterpriseApp1.Web", "EnterpriseApp1.Web", "{86048326-5504-4F8A-8F5E-50A5086E616A}"
EndProject
Project("{FAE04EC0-301F-11D3-BF4B-00C04F79EFBC}") = "EnterpriseApp1.Web", "EnterpriseApp1.Web\EnterpriseApp1.Web\EnterpriseApp1.Web.csproj", "{5E7F4BFB-436E-47CF-9B31-C82676F4BB6D}"
EndProject
Project("{FAE04EC0-301F-11D3-BF4B-00C04F79EFBC}") = "EnterpriseApp1.Web.Static", "EnterpriseApp1.Web\EnterpriseApp1.Web.Static\EnterpriseApp1.Web.Static.csproj", "{4CDAA5AD-51A6-494A-AEA8-36D6E4F9585D}"
EndProject
Project("{2150E333-8FDC-42A3-9474-1A3956D46DE8}") = "EnterpriseApp1.Desktop", "EnterpriseApp1.Desktop", "{EDF748D2-9784-449C-BA87-1856981D06EE}"
EndProject
Project("{FAE04EC0-301F-11D3-BF4B-00C04F79EFBC}") = "EnterpriseApp1.Desktop.WinForms", "EnterpriseApp1.Desktop\EnterpriseApp1.Desktop.WinForms\EnterpriseApp1.Desktop.WinForms.csproj", "{0521DB93-A11C-48D2-AD56-71E26049467C}"
EndProject
Project("{FAE04EC0-301F-11D3-BF4B-00C04F79EFBC}") = "EnterpriseApp1.Desktop.WPF", "EnterpriseApp1.Desktop\EnterpriseApp1.Desktop.WPF\EnterpriseApp1.Desktop.WPF.csproj", "{A76E63CB-7F78-48F9-8724-2AA20E0C6E2A}"
EndProject
Project("{2150E333-8FDC-42A3-9474-1A3956D46DE8}") = "EnterpriseApp1.ML", "EnterpriseApp1.ML", "{C510CA19-430C-4F39-AF06-CD8275C14094}"
EndProject
Project("{FAE04EC0-301F-11D3-BF4B-00C04F79EFBC}") = "EnterpriseApp1.ML.Train", "EnterpriseApp1.ML\EnterpriseApp1.ML.Train\EnterpriseApp1.ML.Train.csproj", "{1BB741DA-3970-4989-8A46-0015BD34272A}"
EndProject
Project("{FAE04EC0-301F-11D3-BF4B-00C04F79EFBC}") = "EnterpriseApp1.ML.Consume", "EnterpriseApp1.ML\EnterpriseApp1.ML.Consume\EnterpriseApp1.ML.Consume.csproj", "{855137B0-CA68-4C86-9C2B-C71470C463BC}"
EndProject
Project("{2150E333-8FDC-42A3-9474-1A3956D46DE8}") = "EnterpriseApp1.Test", "EnterpriseApp1.Test", "{BD0F9BE8-EB89-40E7-8D10-24EAC5D84440}"
EndProject
Project("{FAE04EC0-301F-11D3-BF4B-00C04F79EFBC}") = "EnterpriseApp1.Core.UnitTest", "EnterpriseApp1.Test\EnterpriseApp1.Core.UnitTest\EnterpriseApp1.Core.UnitTest.csproj", "{CF90E88B-0DB3-404F-8C2C-C26E07D2E531}"
EndProject
Project("{FAE04EC0-301F-11D3-BF4B-00C04F79EFBC}") = "EnterpriseApp1.Web.UnitTest", "EnterpriseApp1.Test\EnterpriseApp1.Web.UnitTest\EnterpriseApp1.Web.UnitTest.csproj", "{B5DA0CBA-D310-4EE1-8E9F-F59500D5437F}"
EndProject
Project("{FAE04EC0-301F-11D3-BF4B-00C04F79EFBC}") = "EnterpriseApp1.Mobile.UITest", "EnterpriseApp1.Test\EnterpriseApp1.Mobile.UITest\EnterpriseApp1.Mobile.UITest.csproj", "{06C54229-6C73-4211-BF60-D8ECE90778DF}"
EndProject
Project("{2150E333-8FDC-42A3-9474-1A3956D46DE8}") = ".Prototype", ".Prototype", "{42C04FBE-2D6C-44BF-8FB6-EC0623144F29}"
	ProjectSection(SolutionItems) = preProject
		.Prototype\.Core.xd = .Prototype\.Core.xd
		.Prototype\.Desktop.xd = .Prototype\.Desktop.xd
		.Prototype\.Mobile.xd = .Prototype\.Mobile.xd
		.Prototype\.UIKit.xd = .Prototype\.UIKit.xd
		.Prototype\.Web.xd = .Prototype\.Web.xd
	EndProjectSection
EndProject
Project("{2150E333-8FDC-42A3-9474-1A3956D46DE8}") = "SolutionItems", "SolutionItems", "{37B0E019-CB77-4175-B44F-0F6047B27B48}"
	ProjectSection(SolutionItems) = preProject
		..\SolutionItems\build.props = ..\SolutionItems\build.props
		..\SolutionItems\license.txt = ..\SolutionItems\license.txt
	EndProjectSection
EndProject
Global
	GlobalSection(SolutionConfigurationPlatforms) = preSolution
		Ad-Hoc|Any CPU = Ad-Hoc|Any CPU
		Ad-Hoc|ARM = Ad-Hoc|ARM
		Ad-Hoc|iPhone = Ad-Hoc|iPhone
		Ad-Hoc|iPhoneSimulator = Ad-Hoc|iPhoneSimulator
		Ad-Hoc|x64 = Ad-Hoc|x64
		Ad-Hoc|x86 = Ad-Hoc|x86
		AppStore|Any CPU = AppStore|Any CPU
		AppStore|ARM = AppStore|ARM
		AppStore|iPhone = AppStore|iPhone
		AppStore|iPhoneSimulator = AppStore|iPhoneSimulator
		AppStore|x64 = AppStore|x64
		AppStore|x86 = AppStore|x86
		Debug|Any CPU = Debug|Any CPU
		Debug|ARM = Debug|ARM
		Debug|iPhone = Debug|iPhone
		Debug|iPhoneSimulator = Debug|iPhoneSimulator
		Debug|x64 = Debug|x64
		Debug|x86 = Debug|x86
		Release|Any CPU = Release|Any CPU
		Release|ARM = Release|ARM
		Release|iPhone = Release|iPhone
		Release|iPhoneSimulator = Release|iPhoneSimulator
		Release|x64 = Release|x64
		Release|x86 = Release|x86
	EndGlobalSection
	GlobalSection(ProjectConfigurationPlatforms) = postSolution
		{AC25E89D-CA9A-42E1-A97A-BA227BF53F34}.Ad-Hoc|Any CPU.ActiveCfg = Debug|Any CPU
		{AC25E89D-CA9A-42E1-A97A-BA227BF53F34}.Ad-Hoc|Any CPU.Build.0 = Debug|Any CPU
		{AC25E89D-CA9A-42E1-A97A-BA227BF53F34}.Ad-Hoc|ARM.ActiveCfg = Debug|Any CPU
		{AC25E89D-CA9A-42E1-A97A-BA227BF53F34}.Ad-Hoc|ARM.Build.0 = Debug|Any CPU
		{AC25E89D-CA9A-42E1-A97A-BA227BF53F34}.Ad-Hoc|iPhone.ActiveCfg = Debug|Any CPU
		{AC25E89D-CA9A-42E1-A97A-BA227BF53F34}.Ad-Hoc|iPhone.Build.0 = Debug|Any CPU
		{AC25E89D-CA9A-42E1-A97A-BA227BF53F34}.Ad-Hoc|iPhoneSimulator.ActiveCfg = Debug|Any CPU
		{AC25E89D-CA9A-42E1-A97A-BA227BF53F34}.Ad-Hoc|iPhoneSimulator.Build.0 = Debug|Any CPU
		{AC25E89D-CA9A-42E1-A97A-BA227BF53F34}.Ad-Hoc|x64.ActiveCfg = Debug|Any CPU
		{AC25E89D-CA9A-42E1-A97A-BA227BF53F34}.Ad-Hoc|x64.Build.0 = Debug|Any CPU
		{AC25E89D-CA9A-42E1-A97A-BA227BF53F34}.Ad-Hoc|x86.ActiveCfg = Debug|Any CPU
		{AC25E89D-CA9A-42E1-A97A-BA227BF53F34}.Ad-Hoc|x86.Build.0 = Debug|Any CPU
		{AC25E89D-CA9A-42E1-A97A-BA227BF53F34}.AppStore|Any CPU.ActiveCfg = Debug|Any CPU
		{AC25E89D-CA9A-42E1-A97A-BA227BF53F34}.AppStore|Any CPU.Build.0 = Debug|Any CPU
		{AC25E89D-CA9A-42E1-A97A-BA227BF53F34}.AppStore|ARM.ActiveCfg = Debug|Any CPU
		{AC25E89D-CA9A-42E1-A97A-BA227BF53F34}.AppStore|ARM.Build.0 = Debug|Any CPU
		{AC25E89D-CA9A-42E1-A97A-BA227BF53F34}.AppStore|iPhone.ActiveCfg = Debug|Any CPU
		{AC25E89D-CA9A-42E1-A97A-BA227BF53F34}.AppStore|iPhone.Build.0 = Debug|Any CPU
		{AC25E89D-CA9A-42E1-A97A-BA227BF53F34}.AppStore|iPhoneSimulator.ActiveCfg = Debug|Any CPU
		{AC25E89D-CA9A-42E1-A97A-BA227BF53F34}.AppStore|iPhoneSimulator.Build.0 = Debug|Any CPU
		{AC25E89D-CA9A-42E1-A97A-BA227BF53F34}.AppStore|x64.ActiveCfg = Debug|Any CPU
		{AC25E89D-CA9A-42E1-A97A-BA227BF53F34}.AppStore|x64.Build.0 = Debug|Any CPU
		{AC25E89D-CA9A-42E1-A97A-BA227BF53F34}.AppStore|x86.ActiveCfg = Debug|Any CPU
		{AC25E89D-CA9A-42E1-A97A-BA227BF53F34}.AppStore|x86.Build.0 = Debug|Any CPU
		{AC25E89D-CA9A-42E1-A97A-BA227BF53F34}.Debug|Any CPU.ActiveCfg = Debug|Any CPU
		{AC25E89D-CA9A-42E1-A97A-BA227BF53F34}.Debug|Any CPU.Build.0 = Debug|Any CPU
		{AC25E89D-CA9A-42E1-A97A-BA227BF53F34}.Debug|ARM.ActiveCfg = Debug|Any CPU
		{AC25E89D-CA9A-42E1-A97A-BA227BF53F34}.Debug|ARM.Build.0 = Debug|Any CPU
		{AC25E89D-CA9A-42E1-A97A-BA227BF53F34}.Debug|iPhone.ActiveCfg = Debug|Any CPU
		{AC25E89D-CA9A-42E1-A97A-BA227BF53F34}.Debug|iPhone.Build.0 = Debug|Any CPU
		{AC25E89D-CA9A-42E1-A97A-BA227BF53F34}.Debug|iPhoneSimulator.ActiveCfg = Debug|Any CPU
		{AC25E89D-CA9A-42E1-A97A-BA227BF53F34}.Debug|iPhoneSimulator.Build.0 = Debug|Any CPU
		{AC25E89D-CA9A-42E1-A97A-BA227BF53F34}.Debug|x64.ActiveCfg = Debug|Any CPU
		{AC25E89D-CA9A-42E1-A97A-BA227BF53F34}.Debug|x64.Build.0 = Debug|Any CPU
		{AC25E89D-CA9A-42E1-A97A-BA227BF53F34}.Debug|x86.ActiveCfg = Debug|Any CPU
		{AC25E89D-CA9A-42E1-A97A-BA227BF53F34}.Debug|x86.Build.0 = Debug|Any CPU
		{AC25E89D-CA9A-42E1-A97A-BA227BF53F34}.Release|Any CPU.ActiveCfg = Release|Any CPU
		{AC25E89D-CA9A-42E1-A97A-BA227BF53F34}.Release|Any CPU.Build.0 = Release|Any CPU
		{AC25E89D-CA9A-42E1-A97A-BA227BF53F34}.Release|ARM.ActiveCfg = Release|Any CPU
		{AC25E89D-CA9A-42E1-A97A-BA227BF53F34}.Release|ARM.Build.0 = Release|Any CPU
		{AC25E89D-CA9A-42E1-A97A-BA227BF53F34}.Release|iPhone.ActiveCfg = Release|Any CPU
		{AC25E89D-CA9A-42E1-A97A-BA227BF53F34}.Release|iPhone.Build.0 = Release|Any CPU
		{AC25E89D-CA9A-42E1-A97A-BA227BF53F34}.Release|iPhoneSimulator.ActiveCfg = Release|Any CPU
		{AC25E89D-CA9A-42E1-A97A-BA227BF53F34}.Release|iPhoneSimulator.Build.0 = Release|Any CPU
		{AC25E89D-CA9A-42E1-A97A-BA227BF53F34}.Release|x64.ActiveCfg = Release|Any CPU
		{AC25E89D-CA9A-42E1-A97A-BA227BF53F34}.Release|x64.Build.0 = Release|Any CPU
		{AC25E89D-CA9A-42E1-A97A-BA227BF53F34}.Release|x86.ActiveCfg = Release|Any CPU
		{AC25E89D-CA9A-42E1-A97A-BA227BF53F34}.Release|x86.Build.0 = Release|Any CPU
		{351F3437-BDDC-4627-B2A2-D373F9016F92}.Ad-Hoc|Any CPU.ActiveCfg = Debug|Any CPU
		{351F3437-BDDC-4627-B2A2-D373F9016F92}.Ad-Hoc|Any CPU.Build.0 = Debug|Any CPU
		{351F3437-BDDC-4627-B2A2-D373F9016F92}.Ad-Hoc|ARM.ActiveCfg = Debug|Any CPU
		{351F3437-BDDC-4627-B2A2-D373F9016F92}.Ad-Hoc|ARM.Build.0 = Debug|Any CPU
		{351F3437-BDDC-4627-B2A2-D373F9016F92}.Ad-Hoc|iPhone.ActiveCfg = Debug|Any CPU
		{351F3437-BDDC-4627-B2A2-D373F9016F92}.Ad-Hoc|iPhone.Build.0 = Debug|Any CPU
		{351F3437-BDDC-4627-B2A2-D373F9016F92}.Ad-Hoc|iPhoneSimulator.ActiveCfg = Debug|Any CPU
		{351F3437-BDDC-4627-B2A2-D373F9016F92}.Ad-Hoc|iPhoneSimulator.Build.0 = Debug|Any CPU
		{351F3437-BDDC-4627-B2A2-D373F9016F92}.Ad-Hoc|x64.ActiveCfg = Debug|Any CPU
		{351F3437-BDDC-4627-B2A2-D373F9016F92}.Ad-Hoc|x64.Build.0 = Debug|Any CPU
		{351F3437-BDDC-4627-B2A2-D373F9016F92}.Ad-Hoc|x86.ActiveCfg = Debug|Any CPU
		{351F3437-BDDC-4627-B2A2-D373F9016F92}.Ad-Hoc|x86.Build.0 = Debug|Any CPU
		{351F3437-BDDC-4627-B2A2-D373F9016F92}.AppStore|Any CPU.ActiveCfg = Debug|Any CPU
		{351F3437-BDDC-4627-B2A2-D373F9016F92}.AppStore|Any CPU.Build.0 = Debug|Any CPU
		{351F3437-BDDC-4627-B2A2-D373F9016F92}.AppStore|ARM.ActiveCfg = Debug|Any CPU
		{351F3437-BDDC-4627-B2A2-D373F9016F92}.AppStore|ARM.Build.0 = Debug|Any CPU
		{351F3437-BDDC-4627-B2A2-D373F9016F92}.AppStore|iPhone.ActiveCfg = Debug|Any CPU
		{351F3437-BDDC-4627-B2A2-D373F9016F92}.AppStore|iPhone.Build.0 = Debug|Any CPU
		{351F3437-BDDC-4627-B2A2-D373F9016F92}.AppStore|iPhoneSimulator.ActiveCfg = Debug|Any CPU
		{351F3437-BDDC-4627-B2A2-D373F9016F92}.AppStore|iPhoneSimulator.Build.0 = Debug|Any CPU
		{351F3437-BDDC-4627-B2A2-D373F9016F92}.AppStore|x64.ActiveCfg = Debug|Any CPU
		{351F3437-BDDC-4627-B2A2-D373F9016F92}.AppStore|x64.Build.0 = Debug|Any CPU
		{351F3437-BDDC-4627-B2A2-D373F9016F92}.AppStore|x86.ActiveCfg = Debug|Any CPU
		{351F3437-BDDC-4627-B2A2-D373F9016F92}.AppStore|x86.Build.0 = Debug|Any CPU
		{351F3437-BDDC-4627-B2A2-D373F9016F92}.Debug|Any CPU.ActiveCfg = Debug|Any CPU
		{351F3437-BDDC-4627-B2A2-D373F9016F92}.Debug|Any CPU.Build.0 = Debug|Any CPU
		{351F3437-BDDC-4627-B2A2-D373F9016F92}.Debug|ARM.ActiveCfg = Debug|Any CPU
		{351F3437-BDDC-4627-B2A2-D373F9016F92}.Debug|ARM.Build.0 = Debug|Any CPU
		{351F3437-BDDC-4627-B2A2-D373F9016F92}.Debug|iPhone.ActiveCfg = Debug|Any CPU
		{351F3437-BDDC-4627-B2A2-D373F9016F92}.Debug|iPhone.Build.0 = Debug|Any CPU
		{351F3437-BDDC-4627-B2A2-D373F9016F92}.Debug|iPhoneSimulator.ActiveCfg = Debug|Any CPU
		{351F3437-BDDC-4627-B2A2-D373F9016F92}.Debug|iPhoneSimulator.Build.0 = Debug|Any CPU
		{351F3437-BDDC-4627-B2A2-D373F9016F92}.Debug|x64.ActiveCfg = Debug|Any CPU
		{351F3437-BDDC-4627-B2A2-D373F9016F92}.Debug|x64.Build.0 = Debug|Any CPU
		{351F3437-BDDC-4627-B2A2-D373F9016F92}.Debug|x86.ActiveCfg = Debug|Any CPU
		{351F3437-BDDC-4627-B2A2-D373F9016F92}.Debug|x86.Build.0 = Debug|Any CPU
		{351F3437-BDDC-4627-B2A2-D373F9016F92}.Release|Any CPU.ActiveCfg = Release|Any CPU
		{351F3437-BDDC-4627-B2A2-D373F9016F92}.Release|Any CPU.Build.0 = Release|Any CPU
		{351F3437-BDDC-4627-B2A2-D373F9016F92}.Release|ARM.ActiveCfg = Release|Any CPU
		{351F3437-BDDC-4627-B2A2-D373F9016F92}.Release|ARM.Build.0 = Release|Any CPU
		{351F3437-BDDC-4627-B2A2-D373F9016F92}.Release|iPhone.ActiveCfg = Release|Any CPU
		{351F3437-BDDC-4627-B2A2-D373F9016F92}.Release|iPhone.Build.0 = Release|Any CPU
		{351F3437-BDDC-4627-B2A2-D373F9016F92}.Release|iPhoneSimulator.ActiveCfg = Release|Any CPU
		{351F3437-BDDC-4627-B2A2-D373F9016F92}.Release|iPhoneSimulator.Build.0 = Release|Any CPU
		{351F3437-BDDC-4627-B2A2-D373F9016F92}.Release|x64.ActiveCfg = Release|Any CPU
		{351F3437-BDDC-4627-B2A2-D373F9016F92}.Release|x64.Build.0 = Release|Any CPU
		{351F3437-BDDC-4627-B2A2-D373F9016F92}.Release|x86.ActiveCfg = Release|Any CPU
		{351F3437-BDDC-4627-B2A2-D373F9016F92}.Release|x86.Build.0 = Release|Any CPU
		{CFA78A7C-EFD5-4262-B59B-64926EA6E0C2}.Ad-Hoc|Any CPU.ActiveCfg = Release|Any CPU
		{CFA78A7C-EFD5-4262-B59B-64926EA6E0C2}.Ad-Hoc|Any CPU.Build.0 = Release|Any CPU
		{CFA78A7C-EFD5-4262-B59B-64926EA6E0C2}.Ad-Hoc|Any CPU.Deploy.0 = Release|Any CPU
		{CFA78A7C-EFD5-4262-B59B-64926EA6E0C2}.Ad-Hoc|ARM.ActiveCfg = Release|Any CPU
		{CFA78A7C-EFD5-4262-B59B-64926EA6E0C2}.Ad-Hoc|ARM.Build.0 = Release|Any CPU
		{CFA78A7C-EFD5-4262-B59B-64926EA6E0C2}.Ad-Hoc|ARM.Deploy.0 = Release|Any CPU
		{CFA78A7C-EFD5-4262-B59B-64926EA6E0C2}.Ad-Hoc|iPhone.ActiveCfg = Release|Any CPU
		{CFA78A7C-EFD5-4262-B59B-64926EA6E0C2}.Ad-Hoc|iPhone.Build.0 = Release|Any CPU
		{CFA78A7C-EFD5-4262-B59B-64926EA6E0C2}.Ad-Hoc|iPhone.Deploy.0 = Release|Any CPU
		{CFA78A7C-EFD5-4262-B59B-64926EA6E0C2}.Ad-Hoc|iPhoneSimulator.ActiveCfg = Release|Any CPU
		{CFA78A7C-EFD5-4262-B59B-64926EA6E0C2}.Ad-Hoc|iPhoneSimulator.Build.0 = Release|Any CPU
		{CFA78A7C-EFD5-4262-B59B-64926EA6E0C2}.Ad-Hoc|iPhoneSimulator.Deploy.0 = Release|Any CPU
		{CFA78A7C-EFD5-4262-B59B-64926EA6E0C2}.Ad-Hoc|x64.ActiveCfg = Release|Any CPU
		{CFA78A7C-EFD5-4262-B59B-64926EA6E0C2}.Ad-Hoc|x64.Build.0 = Release|Any CPU
		{CFA78A7C-EFD5-4262-B59B-64926EA6E0C2}.Ad-Hoc|x64.Deploy.0 = Release|Any CPU
		{CFA78A7C-EFD5-4262-B59B-64926EA6E0C2}.Ad-Hoc|x86.ActiveCfg = Release|Any CPU
		{CFA78A7C-EFD5-4262-B59B-64926EA6E0C2}.Ad-Hoc|x86.Build.0 = Release|Any CPU
		{CFA78A7C-EFD5-4262-B59B-64926EA6E0C2}.Ad-Hoc|x86.Deploy.0 = Release|Any CPU
		{CFA78A7C-EFD5-4262-B59B-64926EA6E0C2}.AppStore|Any CPU.ActiveCfg = Release|Any CPU
		{CFA78A7C-EFD5-4262-B59B-64926EA6E0C2}.AppStore|Any CPU.Build.0 = Release|Any CPU
		{CFA78A7C-EFD5-4262-B59B-64926EA6E0C2}.AppStore|Any CPU.Deploy.0 = Release|Any CPU
		{CFA78A7C-EFD5-4262-B59B-64926EA6E0C2}.AppStore|ARM.ActiveCfg = Release|Any CPU
		{CFA78A7C-EFD5-4262-B59B-64926EA6E0C2}.AppStore|ARM.Build.0 = Release|Any CPU
		{CFA78A7C-EFD5-4262-B59B-64926EA6E0C2}.AppStore|ARM.Deploy.0 = Release|Any CPU
		{CFA78A7C-EFD5-4262-B59B-64926EA6E0C2}.AppStore|iPhone.ActiveCfg = Release|Any CPU
		{CFA78A7C-EFD5-4262-B59B-64926EA6E0C2}.AppStore|iPhone.Build.0 = Release|Any CPU
		{CFA78A7C-EFD5-4262-B59B-64926EA6E0C2}.AppStore|iPhone.Deploy.0 = Release|Any CPU
		{CFA78A7C-EFD5-4262-B59B-64926EA6E0C2}.AppStore|iPhoneSimulator.ActiveCfg = Release|Any CPU
		{CFA78A7C-EFD5-4262-B59B-64926EA6E0C2}.AppStore|iPhoneSimulator.Build.0 = Release|Any CPU
		{CFA78A7C-EFD5-4262-B59B-64926EA6E0C2}.AppStore|iPhoneSimulator.Deploy.0 = Release|Any CPU
		{CFA78A7C-EFD5-4262-B59B-64926EA6E0C2}.AppStore|x64.ActiveCfg = Release|Any CPU
		{CFA78A7C-EFD5-4262-B59B-64926EA6E0C2}.AppStore|x64.Build.0 = Release|Any CPU
		{CFA78A7C-EFD5-4262-B59B-64926EA6E0C2}.AppStore|x64.Deploy.0 = Release|Any CPU
		{CFA78A7C-EFD5-4262-B59B-64926EA6E0C2}.AppStore|x86.ActiveCfg = Release|Any CPU
		{CFA78A7C-EFD5-4262-B59B-64926EA6E0C2}.AppStore|x86.Build.0 = Release|Any CPU
		{CFA78A7C-EFD5-4262-B59B-64926EA6E0C2}.AppStore|x86.Deploy.0 = Release|Any CPU
		{CFA78A7C-EFD5-4262-B59B-64926EA6E0C2}.Debug|Any CPU.ActiveCfg = Debug|Any CPU
		{CFA78A7C-EFD5-4262-B59B-64926EA6E0C2}.Debug|Any CPU.Build.0 = Debug|Any CPU
		{CFA78A7C-EFD5-4262-B59B-64926EA6E0C2}.Debug|Any CPU.Deploy.0 = Debug|Any CPU
		{CFA78A7C-EFD5-4262-B59B-64926EA6E0C2}.Debug|ARM.ActiveCfg = Debug|Any CPU
		{CFA78A7C-EFD5-4262-B59B-64926EA6E0C2}.Debug|ARM.Build.0 = Debug|Any CPU
		{CFA78A7C-EFD5-4262-B59B-64926EA6E0C2}.Debug|ARM.Deploy.0 = Debug|Any CPU
		{CFA78A7C-EFD5-4262-B59B-64926EA6E0C2}.Debug|iPhone.ActiveCfg = Debug|Any CPU
		{CFA78A7C-EFD5-4262-B59B-64926EA6E0C2}.Debug|iPhone.Build.0 = Debug|Any CPU
		{CFA78A7C-EFD5-4262-B59B-64926EA6E0C2}.Debug|iPhone.Deploy.0 = Debug|Any CPU
		{CFA78A7C-EFD5-4262-B59B-64926EA6E0C2}.Debug|iPhoneSimulator.ActiveCfg = Debug|Any CPU
		{CFA78A7C-EFD5-4262-B59B-64926EA6E0C2}.Debug|iPhoneSimulator.Build.0 = Debug|Any CPU
		{CFA78A7C-EFD5-4262-B59B-64926EA6E0C2}.Debug|iPhoneSimulator.Deploy.0 = Debug|Any CPU
		{CFA78A7C-EFD5-4262-B59B-64926EA6E0C2}.Debug|x64.ActiveCfg = Debug|Any CPU
		{CFA78A7C-EFD5-4262-B59B-64926EA6E0C2}.Debug|x64.Build.0 = Debug|Any CPU
		{CFA78A7C-EFD5-4262-B59B-64926EA6E0C2}.Debug|x64.Deploy.0 = Debug|Any CPU
		{CFA78A7C-EFD5-4262-B59B-64926EA6E0C2}.Debug|x86.ActiveCfg = Debug|Any CPU
		{CFA78A7C-EFD5-4262-B59B-64926EA6E0C2}.Debug|x86.Build.0 = Debug|Any CPU
		{CFA78A7C-EFD5-4262-B59B-64926EA6E0C2}.Debug|x86.Deploy.0 = Debug|Any CPU
		{CFA78A7C-EFD5-4262-B59B-64926EA6E0C2}.Release|Any CPU.ActiveCfg = Release|Any CPU
		{CFA78A7C-EFD5-4262-B59B-64926EA6E0C2}.Release|Any CPU.Build.0 = Release|Any CPU
		{CFA78A7C-EFD5-4262-B59B-64926EA6E0C2}.Release|Any CPU.Deploy.0 = Release|Any CPU
		{CFA78A7C-EFD5-4262-B59B-64926EA6E0C2}.Release|ARM.ActiveCfg = Release|Any CPU
		{CFA78A7C-EFD5-4262-B59B-64926EA6E0C2}.Release|ARM.Build.0 = Release|Any CPU
		{CFA78A7C-EFD5-4262-B59B-64926EA6E0C2}.Release|ARM.Deploy.0 = Release|Any CPU
		{CFA78A7C-EFD5-4262-B59B-64926EA6E0C2}.Release|iPhone.ActiveCfg = Release|Any CPU
		{CFA78A7C-EFD5-4262-B59B-64926EA6E0C2}.Release|iPhone.Build.0 = Release|Any CPU
		{CFA78A7C-EFD5-4262-B59B-64926EA6E0C2}.Release|iPhone.Deploy.0 = Release|Any CPU
		{CFA78A7C-EFD5-4262-B59B-64926EA6E0C2}.Release|iPhoneSimulator.ActiveCfg = Release|Any CPU
		{CFA78A7C-EFD5-4262-B59B-64926EA6E0C2}.Release|iPhoneSimulator.Build.0 = Release|Any CPU
		{CFA78A7C-EFD5-4262-B59B-64926EA6E0C2}.Release|iPhoneSimulator.Deploy.0 = Release|Any CPU
		{CFA78A7C-EFD5-4262-B59B-64926EA6E0C2}.Release|x64.ActiveCfg = Release|Any CPU
		{CFA78A7C-EFD5-4262-B59B-64926EA6E0C2}.Release|x64.Build.0 = Release|Any CPU
		{CFA78A7C-EFD5-4262-B59B-64926EA6E0C2}.Release|x64.Deploy.0 = Release|Any CPU
		{CFA78A7C-EFD5-4262-B59B-64926EA6E0C2}.Release|x86.ActiveCfg = Release|Any CPU
		{CFA78A7C-EFD5-4262-B59B-64926EA6E0C2}.Release|x86.Build.0 = Release|Any CPU
		{CFA78A7C-EFD5-4262-B59B-64926EA6E0C2}.Release|x86.Deploy.0 = Release|Any CPU
		{6F6476AE-9004-41D0-B7D3-870F31286335}.Ad-Hoc|Any CPU.ActiveCfg = Ad-Hoc|iPhone
		{6F6476AE-9004-41D0-B7D3-870F31286335}.Ad-Hoc|ARM.ActiveCfg = Ad-Hoc|iPhone
		{6F6476AE-9004-41D0-B7D3-870F31286335}.Ad-Hoc|iPhone.ActiveCfg = Ad-Hoc|iPhone
		{6F6476AE-9004-41D0-B7D3-870F31286335}.Ad-Hoc|iPhone.Build.0 = Ad-Hoc|iPhone
		{6F6476AE-9004-41D0-B7D3-870F31286335}.Ad-Hoc|iPhoneSimulator.ActiveCfg = Ad-Hoc|iPhoneSimulator
		{6F6476AE-9004-41D0-B7D3-870F31286335}.Ad-Hoc|iPhoneSimulator.Build.0 = Ad-Hoc|iPhoneSimulator
		{6F6476AE-9004-41D0-B7D3-870F31286335}.Ad-Hoc|x64.ActiveCfg = Ad-Hoc|iPhone
		{6F6476AE-9004-41D0-B7D3-870F31286335}.Ad-Hoc|x86.ActiveCfg = Ad-Hoc|iPhone
		{6F6476AE-9004-41D0-B7D3-870F31286335}.AppStore|Any CPU.ActiveCfg = AppStore|iPhone
		{6F6476AE-9004-41D0-B7D3-870F31286335}.AppStore|ARM.ActiveCfg = AppStore|iPhone
		{6F6476AE-9004-41D0-B7D3-870F31286335}.AppStore|iPhone.ActiveCfg = AppStore|iPhone
		{6F6476AE-9004-41D0-B7D3-870F31286335}.AppStore|iPhone.Build.0 = AppStore|iPhone
		{6F6476AE-9004-41D0-B7D3-870F31286335}.AppStore|iPhoneSimulator.ActiveCfg = AppStore|iPhoneSimulator
		{6F6476AE-9004-41D0-B7D3-870F31286335}.AppStore|iPhoneSimulator.Build.0 = AppStore|iPhoneSimulator
		{6F6476AE-9004-41D0-B7D3-870F31286335}.AppStore|x64.ActiveCfg = AppStore|iPhone
		{6F6476AE-9004-41D0-B7D3-870F31286335}.AppStore|x86.ActiveCfg = AppStore|iPhone
		{6F6476AE-9004-41D0-B7D3-870F31286335}.Debug|Any CPU.ActiveCfg = Debug|iPhone
		{6F6476AE-9004-41D0-B7D3-870F31286335}.Debug|ARM.ActiveCfg = Debug|iPhone
		{6F6476AE-9004-41D0-B7D3-870F31286335}.Debug|iPhone.ActiveCfg = Debug|iPhone
		{6F6476AE-9004-41D0-B7D3-870F31286335}.Debug|iPhone.Build.0 = Debug|iPhone
		{6F6476AE-9004-41D0-B7D3-870F31286335}.Debug|iPhoneSimulator.ActiveCfg = Debug|iPhoneSimulator
		{6F6476AE-9004-41D0-B7D3-870F31286335}.Debug|iPhoneSimulator.Build.0 = Debug|iPhoneSimulator
		{6F6476AE-9004-41D0-B7D3-870F31286335}.Debug|x64.ActiveCfg = Debug|iPhone
		{6F6476AE-9004-41D0-B7D3-870F31286335}.Debug|x86.ActiveCfg = Debug|iPhone
		{6F6476AE-9004-41D0-B7D3-870F31286335}.Release|Any CPU.ActiveCfg = Release|iPhone
		{6F6476AE-9004-41D0-B7D3-870F31286335}.Release|ARM.ActiveCfg = Release|iPhone
		{6F6476AE-9004-41D0-B7D3-870F31286335}.Release|iPhone.ActiveCfg = Release|iPhone
		{6F6476AE-9004-41D0-B7D3-870F31286335}.Release|iPhone.Build.0 = Release|iPhone
		{6F6476AE-9004-41D0-B7D3-870F31286335}.Release|iPhoneSimulator.ActiveCfg = Release|iPhoneSimulator
		{6F6476AE-9004-41D0-B7D3-870F31286335}.Release|iPhoneSimulator.Build.0 = Release|iPhoneSimulator
		{6F6476AE-9004-41D0-B7D3-870F31286335}.Release|x64.ActiveCfg = Release|iPhone
		{6F6476AE-9004-41D0-B7D3-870F31286335}.Release|x86.ActiveCfg = Release|iPhone
		{203FAE52-CE17-4CDB-94D7-BB6FC7946BCE}.Ad-Hoc|Any CPU.ActiveCfg = Debug|Any CPU
		{203FAE52-CE17-4CDB-94D7-BB6FC7946BCE}.Ad-Hoc|Any CPU.Build.0 = Debug|Any CPU
		{203FAE52-CE17-4CDB-94D7-BB6FC7946BCE}.Ad-Hoc|ARM.ActiveCfg = Debug|Any CPU
		{203FAE52-CE17-4CDB-94D7-BB6FC7946BCE}.Ad-Hoc|ARM.Build.0 = Debug|Any CPU
		{203FAE52-CE17-4CDB-94D7-BB6FC7946BCE}.Ad-Hoc|iPhone.ActiveCfg = Debug|Any CPU
		{203FAE52-CE17-4CDB-94D7-BB6FC7946BCE}.Ad-Hoc|iPhone.Build.0 = Debug|Any CPU
		{203FAE52-CE17-4CDB-94D7-BB6FC7946BCE}.Ad-Hoc|iPhoneSimulator.ActiveCfg = Debug|Any CPU
		{203FAE52-CE17-4CDB-94D7-BB6FC7946BCE}.Ad-Hoc|iPhoneSimulator.Build.0 = Debug|Any CPU
		{203FAE52-CE17-4CDB-94D7-BB6FC7946BCE}.Ad-Hoc|x64.ActiveCfg = Debug|Any CPU
		{203FAE52-CE17-4CDB-94D7-BB6FC7946BCE}.Ad-Hoc|x64.Build.0 = Debug|Any CPU
		{203FAE52-CE17-4CDB-94D7-BB6FC7946BCE}.Ad-Hoc|x86.ActiveCfg = Debug|Any CPU
		{203FAE52-CE17-4CDB-94D7-BB6FC7946BCE}.Ad-Hoc|x86.Build.0 = Debug|Any CPU
		{203FAE52-CE17-4CDB-94D7-BB6FC7946BCE}.AppStore|Any CPU.ActiveCfg = Debug|Any CPU
		{203FAE52-CE17-4CDB-94D7-BB6FC7946BCE}.AppStore|Any CPU.Build.0 = Debug|Any CPU
		{203FAE52-CE17-4CDB-94D7-BB6FC7946BCE}.AppStore|ARM.ActiveCfg = Debug|Any CPU
		{203FAE52-CE17-4CDB-94D7-BB6FC7946BCE}.AppStore|ARM.Build.0 = Debug|Any CPU
		{203FAE52-CE17-4CDB-94D7-BB6FC7946BCE}.AppStore|iPhone.ActiveCfg = Debug|Any CPU
		{203FAE52-CE17-4CDB-94D7-BB6FC7946BCE}.AppStore|iPhone.Build.0 = Debug|Any CPU
		{203FAE52-CE17-4CDB-94D7-BB6FC7946BCE}.AppStore|iPhoneSimulator.ActiveCfg = Debug|Any CPU
		{203FAE52-CE17-4CDB-94D7-BB6FC7946BCE}.AppStore|iPhoneSimulator.Build.0 = Debug|Any CPU
		{203FAE52-CE17-4CDB-94D7-BB6FC7946BCE}.AppStore|x64.ActiveCfg = Debug|Any CPU
		{203FAE52-CE17-4CDB-94D7-BB6FC7946BCE}.AppStore|x64.Build.0 = Debug|Any CPU
		{203FAE52-CE17-4CDB-94D7-BB6FC7946BCE}.AppStore|x86.ActiveCfg = Debug|Any CPU
		{203FAE52-CE17-4CDB-94D7-BB6FC7946BCE}.AppStore|x86.Build.0 = Debug|Any CPU
		{203FAE52-CE17-4CDB-94D7-BB6FC7946BCE}.Debug|Any CPU.ActiveCfg = Debug|Any CPU
		{203FAE52-CE17-4CDB-94D7-BB6FC7946BCE}.Debug|Any CPU.Build.0 = Debug|Any CPU
		{203FAE52-CE17-4CDB-94D7-BB6FC7946BCE}.Debug|ARM.ActiveCfg = Debug|Any CPU
		{203FAE52-CE17-4CDB-94D7-BB6FC7946BCE}.Debug|ARM.Build.0 = Debug|Any CPU
		{203FAE52-CE17-4CDB-94D7-BB6FC7946BCE}.Debug|iPhone.ActiveCfg = Debug|Any CPU
		{203FAE52-CE17-4CDB-94D7-BB6FC7946BCE}.Debug|iPhone.Build.0 = Debug|Any CPU
		{203FAE52-CE17-4CDB-94D7-BB6FC7946BCE}.Debug|iPhoneSimulator.ActiveCfg = Debug|Any CPU
		{203FAE52-CE17-4CDB-94D7-BB6FC7946BCE}.Debug|iPhoneSimulator.Build.0 = Debug|Any CPU
		{203FAE52-CE17-4CDB-94D7-BB6FC7946BCE}.Debug|x64.ActiveCfg = Debug|Any CPU
		{203FAE52-CE17-4CDB-94D7-BB6FC7946BCE}.Debug|x64.Build.0 = Debug|Any CPU
		{203FAE52-CE17-4CDB-94D7-BB6FC7946BCE}.Debug|x86.ActiveCfg = Debug|Any CPU
		{203FAE52-CE17-4CDB-94D7-BB6FC7946BCE}.Debug|x86.Build.0 = Debug|Any CPU
		{203FAE52-CE17-4CDB-94D7-BB6FC7946BCE}.Release|Any CPU.ActiveCfg = Release|Any CPU
		{203FAE52-CE17-4CDB-94D7-BB6FC7946BCE}.Release|Any CPU.Build.0 = Release|Any CPU
		{203FAE52-CE17-4CDB-94D7-BB6FC7946BCE}.Release|ARM.ActiveCfg = Release|Any CPU
		{203FAE52-CE17-4CDB-94D7-BB6FC7946BCE}.Release|ARM.Build.0 = Release|Any CPU
		{203FAE52-CE17-4CDB-94D7-BB6FC7946BCE}.Release|iPhone.ActiveCfg = Release|Any CPU
		{203FAE52-CE17-4CDB-94D7-BB6FC7946BCE}.Release|iPhone.Build.0 = Release|Any CPU
		{203FAE52-CE17-4CDB-94D7-BB6FC7946BCE}.Release|iPhoneSimulator.ActiveCfg = Release|Any CPU
		{203FAE52-CE17-4CDB-94D7-BB6FC7946BCE}.Release|iPhoneSimulator.Build.0 = Release|Any CPU
		{203FAE52-CE17-4CDB-94D7-BB6FC7946BCE}.Release|x64.ActiveCfg = Release|Any CPU
		{203FAE52-CE17-4CDB-94D7-BB6FC7946BCE}.Release|x64.Build.0 = Release|Any CPU
		{203FAE52-CE17-4CDB-94D7-BB6FC7946BCE}.Release|x86.ActiveCfg = Release|Any CPU
		{203FAE52-CE17-4CDB-94D7-BB6FC7946BCE}.Release|x86.Build.0 = Release|Any CPU
		{EDB152EE-7E43-47C0-A44F-908637FA8A43}.Ad-Hoc|Any CPU.ActiveCfg = Release|x86
		{EDB152EE-7E43-47C0-A44F-908637FA8A43}.Ad-Hoc|Any CPU.Build.0 = Release|x86
		{EDB152EE-7E43-47C0-A44F-908637FA8A43}.Ad-Hoc|Any CPU.Deploy.0 = Release|x86
		{EDB152EE-7E43-47C0-A44F-908637FA8A43}.Ad-Hoc|ARM.ActiveCfg = Release|ARM
		{EDB152EE-7E43-47C0-A44F-908637FA8A43}.Ad-Hoc|ARM.Build.0 = Release|ARM
		{EDB152EE-7E43-47C0-A44F-908637FA8A43}.Ad-Hoc|ARM.Deploy.0 = Release|ARM
		{EDB152EE-7E43-47C0-A44F-908637FA8A43}.Ad-Hoc|iPhone.ActiveCfg = Release|x86
		{EDB152EE-7E43-47C0-A44F-908637FA8A43}.Ad-Hoc|iPhone.Build.0 = Release|x86
		{EDB152EE-7E43-47C0-A44F-908637FA8A43}.Ad-Hoc|iPhone.Deploy.0 = Release|x86
		{EDB152EE-7E43-47C0-A44F-908637FA8A43}.Ad-Hoc|iPhoneSimulator.ActiveCfg = Release|x86
		{EDB152EE-7E43-47C0-A44F-908637FA8A43}.Ad-Hoc|iPhoneSimulator.Build.0 = Release|x86
		{EDB152EE-7E43-47C0-A44F-908637FA8A43}.Ad-Hoc|iPhoneSimulator.Deploy.0 = Release|x86
		{EDB152EE-7E43-47C0-A44F-908637FA8A43}.Ad-Hoc|x64.ActiveCfg = Release|x64
		{EDB152EE-7E43-47C0-A44F-908637FA8A43}.Ad-Hoc|x64.Build.0 = Release|x64
		{EDB152EE-7E43-47C0-A44F-908637FA8A43}.Ad-Hoc|x64.Deploy.0 = Release|x64
		{EDB152EE-7E43-47C0-A44F-908637FA8A43}.Ad-Hoc|x86.ActiveCfg = Release|x86
		{EDB152EE-7E43-47C0-A44F-908637FA8A43}.Ad-Hoc|x86.Build.0 = Release|x86
		{EDB152EE-7E43-47C0-A44F-908637FA8A43}.Ad-Hoc|x86.Deploy.0 = Release|x86
		{EDB152EE-7E43-47C0-A44F-908637FA8A43}.AppStore|Any CPU.ActiveCfg = Release|x86
		{EDB152EE-7E43-47C0-A44F-908637FA8A43}.AppStore|Any CPU.Build.0 = Release|x86
		{EDB152EE-7E43-47C0-A44F-908637FA8A43}.AppStore|Any CPU.Deploy.0 = Release|x86
		{EDB152EE-7E43-47C0-A44F-908637FA8A43}.AppStore|ARM.ActiveCfg = Release|ARM
		{EDB152EE-7E43-47C0-A44F-908637FA8A43}.AppStore|ARM.Build.0 = Release|ARM
		{EDB152EE-7E43-47C0-A44F-908637FA8A43}.AppStore|ARM.Deploy.0 = Release|ARM
		{EDB152EE-7E43-47C0-A44F-908637FA8A43}.AppStore|iPhone.ActiveCfg = Release|x86
		{EDB152EE-7E43-47C0-A44F-908637FA8A43}.AppStore|iPhone.Build.0 = Release|x86
		{EDB152EE-7E43-47C0-A44F-908637FA8A43}.AppStore|iPhone.Deploy.0 = Release|x86
		{EDB152EE-7E43-47C0-A44F-908637FA8A43}.AppStore|iPhoneSimulator.ActiveCfg = Release|x86
		{EDB152EE-7E43-47C0-A44F-908637FA8A43}.AppStore|iPhoneSimulator.Build.0 = Release|x86
		{EDB152EE-7E43-47C0-A44F-908637FA8A43}.AppStore|iPhoneSimulator.Deploy.0 = Release|x86
		{EDB152EE-7E43-47C0-A44F-908637FA8A43}.AppStore|x64.ActiveCfg = Release|x64
		{EDB152EE-7E43-47C0-A44F-908637FA8A43}.AppStore|x64.Build.0 = Release|x64
		{EDB152EE-7E43-47C0-A44F-908637FA8A43}.AppStore|x64.Deploy.0 = Release|x64
		{EDB152EE-7E43-47C0-A44F-908637FA8A43}.AppStore|x86.ActiveCfg = Release|x86
		{EDB152EE-7E43-47C0-A44F-908637FA8A43}.AppStore|x86.Build.0 = Release|x86
		{EDB152EE-7E43-47C0-A44F-908637FA8A43}.AppStore|x86.Deploy.0 = Release|x86
		{EDB152EE-7E43-47C0-A44F-908637FA8A43}.Debug|Any CPU.ActiveCfg = Debug|x86
		{EDB152EE-7E43-47C0-A44F-908637FA8A43}.Debug|ARM.ActiveCfg = Debug|ARM
		{EDB152EE-7E43-47C0-A44F-908637FA8A43}.Debug|ARM.Build.0 = Debug|ARM
		{EDB152EE-7E43-47C0-A44F-908637FA8A43}.Debug|ARM.Deploy.0 = Debug|ARM
		{EDB152EE-7E43-47C0-A44F-908637FA8A43}.Debug|iPhone.ActiveCfg = Debug|x86
		{EDB152EE-7E43-47C0-A44F-908637FA8A43}.Debug|iPhoneSimulator.ActiveCfg = Debug|x86
		{EDB152EE-7E43-47C0-A44F-908637FA8A43}.Debug|x64.ActiveCfg = Debug|x64
		{EDB152EE-7E43-47C0-A44F-908637FA8A43}.Debug|x64.Build.0 = Debug|x64
		{EDB152EE-7E43-47C0-A44F-908637FA8A43}.Debug|x64.Deploy.0 = Debug|x64
		{EDB152EE-7E43-47C0-A44F-908637FA8A43}.Debug|x86.ActiveCfg = Debug|x86
		{EDB152EE-7E43-47C0-A44F-908637FA8A43}.Debug|x86.Build.0 = Debug|x86
		{EDB152EE-7E43-47C0-A44F-908637FA8A43}.Debug|x86.Deploy.0 = Debug|x86
		{EDB152EE-7E43-47C0-A44F-908637FA8A43}.Release|Any CPU.ActiveCfg = Release|x86
		{EDB152EE-7E43-47C0-A44F-908637FA8A43}.Release|ARM.ActiveCfg = Release|ARM
		{EDB152EE-7E43-47C0-A44F-908637FA8A43}.Release|ARM.Build.0 = Release|ARM
		{EDB152EE-7E43-47C0-A44F-908637FA8A43}.Release|ARM.Deploy.0 = Release|ARM
		{EDB152EE-7E43-47C0-A44F-908637FA8A43}.Release|iPhone.ActiveCfg = Release|x86
		{EDB152EE-7E43-47C0-A44F-908637FA8A43}.Release|iPhoneSimulator.ActiveCfg = Release|x86
		{EDB152EE-7E43-47C0-A44F-908637FA8A43}.Release|x64.ActiveCfg = Release|x64
		{EDB152EE-7E43-47C0-A44F-908637FA8A43}.Release|x64.Build.0 = Release|x64
		{EDB152EE-7E43-47C0-A44F-908637FA8A43}.Release|x64.Deploy.0 = Release|x64
		{EDB152EE-7E43-47C0-A44F-908637FA8A43}.Release|x86.ActiveCfg = Release|x86
		{EDB152EE-7E43-47C0-A44F-908637FA8A43}.Release|x86.Build.0 = Release|x86
		{EDB152EE-7E43-47C0-A44F-908637FA8A43}.Release|x86.Deploy.0 = Release|x86
		{5E7F4BFB-436E-47CF-9B31-C82676F4BB6D}.Ad-Hoc|Any CPU.ActiveCfg = Debug|Any CPU
		{5E7F4BFB-436E-47CF-9B31-C82676F4BB6D}.Ad-Hoc|Any CPU.Build.0 = Debug|Any CPU
		{5E7F4BFB-436E-47CF-9B31-C82676F4BB6D}.Ad-Hoc|ARM.ActiveCfg = Debug|Any CPU
		{5E7F4BFB-436E-47CF-9B31-C82676F4BB6D}.Ad-Hoc|ARM.Build.0 = Debug|Any CPU
		{5E7F4BFB-436E-47CF-9B31-C82676F4BB6D}.Ad-Hoc|iPhone.ActiveCfg = Debug|Any CPU
		{5E7F4BFB-436E-47CF-9B31-C82676F4BB6D}.Ad-Hoc|iPhone.Build.0 = Debug|Any CPU
		{5E7F4BFB-436E-47CF-9B31-C82676F4BB6D}.Ad-Hoc|iPhoneSimulator.ActiveCfg = Debug|Any CPU
		{5E7F4BFB-436E-47CF-9B31-C82676F4BB6D}.Ad-Hoc|iPhoneSimulator.Build.0 = Debug|Any CPU
		{5E7F4BFB-436E-47CF-9B31-C82676F4BB6D}.Ad-Hoc|x64.ActiveCfg = Debug|Any CPU
		{5E7F4BFB-436E-47CF-9B31-C82676F4BB6D}.Ad-Hoc|x64.Build.0 = Debug|Any CPU
		{5E7F4BFB-436E-47CF-9B31-C82676F4BB6D}.Ad-Hoc|x86.ActiveCfg = Debug|Any CPU
		{5E7F4BFB-436E-47CF-9B31-C82676F4BB6D}.Ad-Hoc|x86.Build.0 = Debug|Any CPU
		{5E7F4BFB-436E-47CF-9B31-C82676F4BB6D}.AppStore|Any CPU.ActiveCfg = Debug|Any CPU
		{5E7F4BFB-436E-47CF-9B31-C82676F4BB6D}.AppStore|Any CPU.Build.0 = Debug|Any CPU
		{5E7F4BFB-436E-47CF-9B31-C82676F4BB6D}.AppStore|ARM.ActiveCfg = Debug|Any CPU
		{5E7F4BFB-436E-47CF-9B31-C82676F4BB6D}.AppStore|ARM.Build.0 = Debug|Any CPU
		{5E7F4BFB-436E-47CF-9B31-C82676F4BB6D}.AppStore|iPhone.ActiveCfg = Debug|Any CPU
		{5E7F4BFB-436E-47CF-9B31-C82676F4BB6D}.AppStore|iPhone.Build.0 = Debug|Any CPU
		{5E7F4BFB-436E-47CF-9B31-C82676F4BB6D}.AppStore|iPhoneSimulator.ActiveCfg = Debug|Any CPU
		{5E7F4BFB-436E-47CF-9B31-C82676F4BB6D}.AppStore|iPhoneSimulator.Build.0 = Debug|Any CPU
		{5E7F4BFB-436E-47CF-9B31-C82676F4BB6D}.AppStore|x64.ActiveCfg = Debug|Any CPU
		{5E7F4BFB-436E-47CF-9B31-C82676F4BB6D}.AppStore|x64.Build.0 = Debug|Any CPU
		{5E7F4BFB-436E-47CF-9B31-C82676F4BB6D}.AppStore|x86.ActiveCfg = Debug|Any CPU
		{5E7F4BFB-436E-47CF-9B31-C82676F4BB6D}.AppStore|x86.Build.0 = Debug|Any CPU
		{5E7F4BFB-436E-47CF-9B31-C82676F4BB6D}.Debug|Any CPU.ActiveCfg = Debug|Any CPU
		{5E7F4BFB-436E-47CF-9B31-C82676F4BB6D}.Debug|Any CPU.Build.0 = Debug|Any CPU
		{5E7F4BFB-436E-47CF-9B31-C82676F4BB6D}.Debug|ARM.ActiveCfg = Debug|Any CPU
		{5E7F4BFB-436E-47CF-9B31-C82676F4BB6D}.Debug|ARM.Build.0 = Debug|Any CPU
		{5E7F4BFB-436E-47CF-9B31-C82676F4BB6D}.Debug|iPhone.ActiveCfg = Debug|Any CPU
		{5E7F4BFB-436E-47CF-9B31-C82676F4BB6D}.Debug|iPhone.Build.0 = Debug|Any CPU
		{5E7F4BFB-436E-47CF-9B31-C82676F4BB6D}.Debug|iPhoneSimulator.ActiveCfg = Debug|Any CPU
		{5E7F4BFB-436E-47CF-9B31-C82676F4BB6D}.Debug|iPhoneSimulator.Build.0 = Debug|Any CPU
		{5E7F4BFB-436E-47CF-9B31-C82676F4BB6D}.Debug|x64.ActiveCfg = Debug|Any CPU
		{5E7F4BFB-436E-47CF-9B31-C82676F4BB6D}.Debug|x64.Build.0 = Debug|Any CPU
		{5E7F4BFB-436E-47CF-9B31-C82676F4BB6D}.Debug|x86.ActiveCfg = Debug|Any CPU
		{5E7F4BFB-436E-47CF-9B31-C82676F4BB6D}.Debug|x86.Build.0 = Debug|Any CPU
		{5E7F4BFB-436E-47CF-9B31-C82676F4BB6D}.Release|Any CPU.ActiveCfg = Release|Any CPU
		{5E7F4BFB-436E-47CF-9B31-C82676F4BB6D}.Release|Any CPU.Build.0 = Release|Any CPU
		{5E7F4BFB-436E-47CF-9B31-C82676F4BB6D}.Release|ARM.ActiveCfg = Release|Any CPU
		{5E7F4BFB-436E-47CF-9B31-C82676F4BB6D}.Release|ARM.Build.0 = Release|Any CPU
		{5E7F4BFB-436E-47CF-9B31-C82676F4BB6D}.Release|iPhone.ActiveCfg = Release|Any CPU
		{5E7F4BFB-436E-47CF-9B31-C82676F4BB6D}.Release|iPhone.Build.0 = Release|Any CPU
		{5E7F4BFB-436E-47CF-9B31-C82676F4BB6D}.Release|iPhoneSimulator.ActiveCfg = Release|Any CPU
		{5E7F4BFB-436E-47CF-9B31-C82676F4BB6D}.Release|iPhoneSimulator.Build.0 = Release|Any CPU
		{5E7F4BFB-436E-47CF-9B31-C82676F4BB6D}.Release|x64.ActiveCfg = Release|Any CPU
		{5E7F4BFB-436E-47CF-9B31-C82676F4BB6D}.Release|x64.Build.0 = Release|Any CPU
		{5E7F4BFB-436E-47CF-9B31-C82676F4BB6D}.Release|x86.ActiveCfg = Release|Any CPU
		{5E7F4BFB-436E-47CF-9B31-C82676F4BB6D}.Release|x86.Build.0 = Release|Any CPU
		{4CDAA5AD-51A6-494A-AEA8-36D6E4F9585D}.Ad-Hoc|Any CPU.ActiveCfg = Debug|Any CPU
		{4CDAA5AD-51A6-494A-AEA8-36D6E4F9585D}.Ad-Hoc|Any CPU.Build.0 = Debug|Any CPU
		{4CDAA5AD-51A6-494A-AEA8-36D6E4F9585D}.Ad-Hoc|ARM.ActiveCfg = Debug|Any CPU
		{4CDAA5AD-51A6-494A-AEA8-36D6E4F9585D}.Ad-Hoc|ARM.Build.0 = Debug|Any CPU
		{4CDAA5AD-51A6-494A-AEA8-36D6E4F9585D}.Ad-Hoc|iPhone.ActiveCfg = Debug|Any CPU
		{4CDAA5AD-51A6-494A-AEA8-36D6E4F9585D}.Ad-Hoc|iPhone.Build.0 = Debug|Any CPU
		{4CDAA5AD-51A6-494A-AEA8-36D6E4F9585D}.Ad-Hoc|iPhoneSimulator.ActiveCfg = Debug|Any CPU
		{4CDAA5AD-51A6-494A-AEA8-36D6E4F9585D}.Ad-Hoc|iPhoneSimulator.Build.0 = Debug|Any CPU
		{4CDAA5AD-51A6-494A-AEA8-36D6E4F9585D}.Ad-Hoc|x64.ActiveCfg = Debug|Any CPU
		{4CDAA5AD-51A6-494A-AEA8-36D6E4F9585D}.Ad-Hoc|x64.Build.0 = Debug|Any CPU
		{4CDAA5AD-51A6-494A-AEA8-36D6E4F9585D}.Ad-Hoc|x86.ActiveCfg = Debug|Any CPU
		{4CDAA5AD-51A6-494A-AEA8-36D6E4F9585D}.Ad-Hoc|x86.Build.0 = Debug|Any CPU
		{4CDAA5AD-51A6-494A-AEA8-36D6E4F9585D}.AppStore|Any CPU.ActiveCfg = Debug|Any CPU
		{4CDAA5AD-51A6-494A-AEA8-36D6E4F9585D}.AppStore|Any CPU.Build.0 = Debug|Any CPU
		{4CDAA5AD-51A6-494A-AEA8-36D6E4F9585D}.AppStore|ARM.ActiveCfg = Debug|Any CPU
		{4CDAA5AD-51A6-494A-AEA8-36D6E4F9585D}.AppStore|ARM.Build.0 = Debug|Any CPU
		{4CDAA5AD-51A6-494A-AEA8-36D6E4F9585D}.AppStore|iPhone.ActiveCfg = Debug|Any CPU
		{4CDAA5AD-51A6-494A-AEA8-36D6E4F9585D}.AppStore|iPhone.Build.0 = Debug|Any CPU
		{4CDAA5AD-51A6-494A-AEA8-36D6E4F9585D}.AppStore|iPhoneSimulator.ActiveCfg = Debug|Any CPU
		{4CDAA5AD-51A6-494A-AEA8-36D6E4F9585D}.AppStore|iPhoneSimulator.Build.0 = Debug|Any CPU
		{4CDAA5AD-51A6-494A-AEA8-36D6E4F9585D}.AppStore|x64.ActiveCfg = Debug|Any CPU
		{4CDAA5AD-51A6-494A-AEA8-36D6E4F9585D}.AppStore|x64.Build.0 = Debug|Any CPU
		{4CDAA5AD-51A6-494A-AEA8-36D6E4F9585D}.AppStore|x86.ActiveCfg = Debug|Any CPU
		{4CDAA5AD-51A6-494A-AEA8-36D6E4F9585D}.AppStore|x86.Build.0 = Debug|Any CPU
		{4CDAA5AD-51A6-494A-AEA8-36D6E4F9585D}.Debug|Any CPU.ActiveCfg = Debug|Any CPU
		{4CDAA5AD-51A6-494A-AEA8-36D6E4F9585D}.Debug|Any CPU.Build.0 = Debug|Any CPU
		{4CDAA5AD-51A6-494A-AEA8-36D6E4F9585D}.Debug|ARM.ActiveCfg = Debug|Any CPU
		{4CDAA5AD-51A6-494A-AEA8-36D6E4F9585D}.Debug|ARM.Build.0 = Debug|Any CPU
		{4CDAA5AD-51A6-494A-AEA8-36D6E4F9585D}.Debug|iPhone.ActiveCfg = Debug|Any CPU
		{4CDAA5AD-51A6-494A-AEA8-36D6E4F9585D}.Debug|iPhone.Build.0 = Debug|Any CPU
		{4CDAA5AD-51A6-494A-AEA8-36D6E4F9585D}.Debug|iPhoneSimulator.ActiveCfg = Debug|Any CPU
		{4CDAA5AD-51A6-494A-AEA8-36D6E4F9585D}.Debug|iPhoneSimulator.Build.0 = Debug|Any CPU
		{4CDAA5AD-51A6-494A-AEA8-36D6E4F9585D}.Debug|x64.ActiveCfg = Debug|Any CPU
		{4CDAA5AD-51A6-494A-AEA8-36D6E4F9585D}.Debug|x64.Build.0 = Debug|Any CPU
		{4CDAA5AD-51A6-494A-AEA8-36D6E4F9585D}.Debug|x86.ActiveCfg = Debug|Any CPU
		{4CDAA5AD-51A6-494A-AEA8-36D6E4F9585D}.Debug|x86.Build.0 = Debug|Any CPU
		{4CDAA5AD-51A6-494A-AEA8-36D6E4F9585D}.Release|Any CPU.ActiveCfg = Release|Any CPU
		{4CDAA5AD-51A6-494A-AEA8-36D6E4F9585D}.Release|Any CPU.Build.0 = Release|Any CPU
		{4CDAA5AD-51A6-494A-AEA8-36D6E4F9585D}.Release|ARM.ActiveCfg = Release|Any CPU
		{4CDAA5AD-51A6-494A-AEA8-36D6E4F9585D}.Release|ARM.Build.0 = Release|Any CPU
		{4CDAA5AD-51A6-494A-AEA8-36D6E4F9585D}.Release|iPhone.ActiveCfg = Release|Any CPU
		{4CDAA5AD-51A6-494A-AEA8-36D6E4F9585D}.Release|iPhone.Build.0 = Release|Any CPU
		{4CDAA5AD-51A6-494A-AEA8-36D6E4F9585D}.Release|iPhoneSimulator.ActiveCfg = Release|Any CPU
		{4CDAA5AD-51A6-494A-AEA8-36D6E4F9585D}.Release|iPhoneSimulator.Build.0 = Release|Any CPU
		{4CDAA5AD-51A6-494A-AEA8-36D6E4F9585D}.Release|x64.ActiveCfg = Release|Any CPU
		{4CDAA5AD-51A6-494A-AEA8-36D6E4F9585D}.Release|x64.Build.0 = Release|Any CPU
		{4CDAA5AD-51A6-494A-AEA8-36D6E4F9585D}.Release|x86.ActiveCfg = Release|Any CPU
		{4CDAA5AD-51A6-494A-AEA8-36D6E4F9585D}.Release|x86.Build.0 = Release|Any CPU
		{0521DB93-A11C-48D2-AD56-71E26049467C}.Ad-Hoc|Any CPU.ActiveCfg = Debug|Any CPU
		{0521DB93-A11C-48D2-AD56-71E26049467C}.Ad-Hoc|Any CPU.Build.0 = Debug|Any CPU
		{0521DB93-A11C-48D2-AD56-71E26049467C}.Ad-Hoc|ARM.ActiveCfg = Debug|Any CPU
		{0521DB93-A11C-48D2-AD56-71E26049467C}.Ad-Hoc|ARM.Build.0 = Debug|Any CPU
		{0521DB93-A11C-48D2-AD56-71E26049467C}.Ad-Hoc|iPhone.ActiveCfg = Debug|Any CPU
		{0521DB93-A11C-48D2-AD56-71E26049467C}.Ad-Hoc|iPhone.Build.0 = Debug|Any CPU
		{0521DB93-A11C-48D2-AD56-71E26049467C}.Ad-Hoc|iPhoneSimulator.ActiveCfg = Debug|Any CPU
		{0521DB93-A11C-48D2-AD56-71E26049467C}.Ad-Hoc|iPhoneSimulator.Build.0 = Debug|Any CPU
		{0521DB93-A11C-48D2-AD56-71E26049467C}.Ad-Hoc|x64.ActiveCfg = Debug|Any CPU
		{0521DB93-A11C-48D2-AD56-71E26049467C}.Ad-Hoc|x64.Build.0 = Debug|Any CPU
		{0521DB93-A11C-48D2-AD56-71E26049467C}.Ad-Hoc|x86.ActiveCfg = Debug|Any CPU
		{0521DB93-A11C-48D2-AD56-71E26049467C}.Ad-Hoc|x86.Build.0 = Debug|Any CPU
		{0521DB93-A11C-48D2-AD56-71E26049467C}.AppStore|Any CPU.ActiveCfg = Debug|Any CPU
		{0521DB93-A11C-48D2-AD56-71E26049467C}.AppStore|Any CPU.Build.0 = Debug|Any CPU
		{0521DB93-A11C-48D2-AD56-71E26049467C}.AppStore|ARM.ActiveCfg = Debug|Any CPU
		{0521DB93-A11C-48D2-AD56-71E26049467C}.AppStore|ARM.Build.0 = Debug|Any CPU
		{0521DB93-A11C-48D2-AD56-71E26049467C}.AppStore|iPhone.ActiveCfg = Debug|Any CPU
		{0521DB93-A11C-48D2-AD56-71E26049467C}.AppStore|iPhone.Build.0 = Debug|Any CPU
		{0521DB93-A11C-48D2-AD56-71E26049467C}.AppStore|iPhoneSimulator.ActiveCfg = Debug|Any CPU
		{0521DB93-A11C-48D2-AD56-71E26049467C}.AppStore|iPhoneSimulator.Build.0 = Debug|Any CPU
		{0521DB93-A11C-48D2-AD56-71E26049467C}.AppStore|x64.ActiveCfg = Debug|Any CPU
		{0521DB93-A11C-48D2-AD56-71E26049467C}.AppStore|x64.Build.0 = Debug|Any CPU
		{0521DB93-A11C-48D2-AD56-71E26049467C}.AppStore|x86.ActiveCfg = Debug|Any CPU
		{0521DB93-A11C-48D2-AD56-71E26049467C}.AppStore|x86.Build.0 = Debug|Any CPU
		{0521DB93-A11C-48D2-AD56-71E26049467C}.Debug|Any CPU.ActiveCfg = Debug|Any CPU
		{0521DB93-A11C-48D2-AD56-71E26049467C}.Debug|Any CPU.Build.0 = Debug|Any CPU
		{0521DB93-A11C-48D2-AD56-71E26049467C}.Debug|ARM.ActiveCfg = Debug|Any CPU
		{0521DB93-A11C-48D2-AD56-71E26049467C}.Debug|ARM.Build.0 = Debug|Any CPU
		{0521DB93-A11C-48D2-AD56-71E26049467C}.Debug|iPhone.ActiveCfg = Debug|Any CPU
		{0521DB93-A11C-48D2-AD56-71E26049467C}.Debug|iPhone.Build.0 = Debug|Any CPU
		{0521DB93-A11C-48D2-AD56-71E26049467C}.Debug|iPhoneSimulator.ActiveCfg = Debug|Any CPU
		{0521DB93-A11C-48D2-AD56-71E26049467C}.Debug|iPhoneSimulator.Build.0 = Debug|Any CPU
		{0521DB93-A11C-48D2-AD56-71E26049467C}.Debug|x64.ActiveCfg = Debug|Any CPU
		{0521DB93-A11C-48D2-AD56-71E26049467C}.Debug|x64.Build.0 = Debug|Any CPU
		{0521DB93-A11C-48D2-AD56-71E26049467C}.Debug|x86.ActiveCfg = Debug|Any CPU
		{0521DB93-A11C-48D2-AD56-71E26049467C}.Debug|x86.Build.0 = Debug|Any CPU
		{0521DB93-A11C-48D2-AD56-71E26049467C}.Release|Any CPU.ActiveCfg = Release|Any CPU
		{0521DB93-A11C-48D2-AD56-71E26049467C}.Release|Any CPU.Build.0 = Release|Any CPU
		{0521DB93-A11C-48D2-AD56-71E26049467C}.Release|ARM.ActiveCfg = Release|Any CPU
		{0521DB93-A11C-48D2-AD56-71E26049467C}.Release|ARM.Build.0 = Release|Any CPU
		{0521DB93-A11C-48D2-AD56-71E26049467C}.Release|iPhone.ActiveCfg = Release|Any CPU
		{0521DB93-A11C-48D2-AD56-71E26049467C}.Release|iPhone.Build.0 = Release|Any CPU
		{0521DB93-A11C-48D2-AD56-71E26049467C}.Release|iPhoneSimulator.ActiveCfg = Release|Any CPU
		{0521DB93-A11C-48D2-AD56-71E26049467C}.Release|iPhoneSimulator.Build.0 = Release|Any CPU
		{0521DB93-A11C-48D2-AD56-71E26049467C}.Release|x64.ActiveCfg = Release|Any CPU
		{0521DB93-A11C-48D2-AD56-71E26049467C}.Release|x64.Build.0 = Release|Any CPU
		{0521DB93-A11C-48D2-AD56-71E26049467C}.Release|x86.ActiveCfg = Release|Any CPU
		{0521DB93-A11C-48D2-AD56-71E26049467C}.Release|x86.Build.0 = Release|Any CPU
		{A76E63CB-7F78-48F9-8724-2AA20E0C6E2A}.Ad-Hoc|Any CPU.ActiveCfg = Debug|Any CPU
		{A76E63CB-7F78-48F9-8724-2AA20E0C6E2A}.Ad-Hoc|Any CPU.Build.0 = Debug|Any CPU
		{A76E63CB-7F78-48F9-8724-2AA20E0C6E2A}.Ad-Hoc|ARM.ActiveCfg = Debug|Any CPU
		{A76E63CB-7F78-48F9-8724-2AA20E0C6E2A}.Ad-Hoc|ARM.Build.0 = Debug|Any CPU
		{A76E63CB-7F78-48F9-8724-2AA20E0C6E2A}.Ad-Hoc|iPhone.ActiveCfg = Debug|Any CPU
		{A76E63CB-7F78-48F9-8724-2AA20E0C6E2A}.Ad-Hoc|iPhone.Build.0 = Debug|Any CPU
		{A76E63CB-7F78-48F9-8724-2AA20E0C6E2A}.Ad-Hoc|iPhoneSimulator.ActiveCfg = Debug|Any CPU
		{A76E63CB-7F78-48F9-8724-2AA20E0C6E2A}.Ad-Hoc|iPhoneSimulator.Build.0 = Debug|Any CPU
		{A76E63CB-7F78-48F9-8724-2AA20E0C6E2A}.Ad-Hoc|x64.ActiveCfg = Debug|Any CPU
		{A76E63CB-7F78-48F9-8724-2AA20E0C6E2A}.Ad-Hoc|x64.Build.0 = Debug|Any CPU
		{A76E63CB-7F78-48F9-8724-2AA20E0C6E2A}.Ad-Hoc|x86.ActiveCfg = Debug|Any CPU
		{A76E63CB-7F78-48F9-8724-2AA20E0C6E2A}.Ad-Hoc|x86.Build.0 = Debug|Any CPU
		{A76E63CB-7F78-48F9-8724-2AA20E0C6E2A}.AppStore|Any CPU.ActiveCfg = Debug|Any CPU
		{A76E63CB-7F78-48F9-8724-2AA20E0C6E2A}.AppStore|Any CPU.Build.0 = Debug|Any CPU
		{A76E63CB-7F78-48F9-8724-2AA20E0C6E2A}.AppStore|ARM.ActiveCfg = Debug|Any CPU
		{A76E63CB-7F78-48F9-8724-2AA20E0C6E2A}.AppStore|ARM.Build.0 = Debug|Any CPU
		{A76E63CB-7F78-48F9-8724-2AA20E0C6E2A}.AppStore|iPhone.ActiveCfg = Debug|Any CPU
		{A76E63CB-7F78-48F9-8724-2AA20E0C6E2A}.AppStore|iPhone.Build.0 = Debug|Any CPU
		{A76E63CB-7F78-48F9-8724-2AA20E0C6E2A}.AppStore|iPhoneSimulator.ActiveCfg = Debug|Any CPU
		{A76E63CB-7F78-48F9-8724-2AA20E0C6E2A}.AppStore|iPhoneSimulator.Build.0 = Debug|Any CPU
		{A76E63CB-7F78-48F9-8724-2AA20E0C6E2A}.AppStore|x64.ActiveCfg = Debug|Any CPU
		{A76E63CB-7F78-48F9-8724-2AA20E0C6E2A}.AppStore|x64.Build.0 = Debug|Any CPU
		{A76E63CB-7F78-48F9-8724-2AA20E0C6E2A}.AppStore|x86.ActiveCfg = Debug|Any CPU
		{A76E63CB-7F78-48F9-8724-2AA20E0C6E2A}.AppStore|x86.Build.0 = Debug|Any CPU
		{A76E63CB-7F78-48F9-8724-2AA20E0C6E2A}.Debug|Any CPU.ActiveCfg = Debug|Any CPU
		{A76E63CB-7F78-48F9-8724-2AA20E0C6E2A}.Debug|Any CPU.Build.0 = Debug|Any CPU
		{A76E63CB-7F78-48F9-8724-2AA20E0C6E2A}.Debug|ARM.ActiveCfg = Debug|Any CPU
		{A76E63CB-7F78-48F9-8724-2AA20E0C6E2A}.Debug|ARM.Build.0 = Debug|Any CPU
		{A76E63CB-7F78-48F9-8724-2AA20E0C6E2A}.Debug|iPhone.ActiveCfg = Debug|Any CPU
		{A76E63CB-7F78-48F9-8724-2AA20E0C6E2A}.Debug|iPhone.Build.0 = Debug|Any CPU
		{A76E63CB-7F78-48F9-8724-2AA20E0C6E2A}.Debug|iPhoneSimulator.ActiveCfg = Debug|Any CPU
		{A76E63CB-7F78-48F9-8724-2AA20E0C6E2A}.Debug|iPhoneSimulator.Build.0 = Debug|Any CPU
		{A76E63CB-7F78-48F9-8724-2AA20E0C6E2A}.Debug|x64.ActiveCfg = Debug|Any CPU
		{A76E63CB-7F78-48F9-8724-2AA20E0C6E2A}.Debug|x64.Build.0 = Debug|Any CPU
		{A76E63CB-7F78-48F9-8724-2AA20E0C6E2A}.Debug|x86.ActiveCfg = Debug|Any CPU
		{A76E63CB-7F78-48F9-8724-2AA20E0C6E2A}.Debug|x86.Build.0 = Debug|Any CPU
		{A76E63CB-7F78-48F9-8724-2AA20E0C6E2A}.Release|Any CPU.ActiveCfg = Release|Any CPU
		{A76E63CB-7F78-48F9-8724-2AA20E0C6E2A}.Release|Any CPU.Build.0 = Release|Any CPU
		{A76E63CB-7F78-48F9-8724-2AA20E0C6E2A}.Release|ARM.ActiveCfg = Release|Any CPU
		{A76E63CB-7F78-48F9-8724-2AA20E0C6E2A}.Release|ARM.Build.0 = Release|Any CPU
		{A76E63CB-7F78-48F9-8724-2AA20E0C6E2A}.Release|iPhone.ActiveCfg = Release|Any CPU
		{A76E63CB-7F78-48F9-8724-2AA20E0C6E2A}.Release|iPhone.Build.0 = Release|Any CPU
		{A76E63CB-7F78-48F9-8724-2AA20E0C6E2A}.Release|iPhoneSimulator.ActiveCfg = Release|Any CPU
		{A76E63CB-7F78-48F9-8724-2AA20E0C6E2A}.Release|iPhoneSimulator.Build.0 = Release|Any CPU
		{A76E63CB-7F78-48F9-8724-2AA20E0C6E2A}.Release|x64.ActiveCfg = Release|Any CPU
		{A76E63CB-7F78-48F9-8724-2AA20E0C6E2A}.Release|x64.Build.0 = Release|Any CPU
		{A76E63CB-7F78-48F9-8724-2AA20E0C6E2A}.Release|x86.ActiveCfg = Release|Any CPU
		{A76E63CB-7F78-48F9-8724-2AA20E0C6E2A}.Release|x86.Build.0 = Release|Any CPU
		{1BB741DA-3970-4989-8A46-0015BD34272A}.Ad-Hoc|Any CPU.ActiveCfg = Debug|Any CPU
		{1BB741DA-3970-4989-8A46-0015BD34272A}.Ad-Hoc|Any CPU.Build.0 = Debug|Any CPU
		{1BB741DA-3970-4989-8A46-0015BD34272A}.Ad-Hoc|ARM.ActiveCfg = Debug|Any CPU
		{1BB741DA-3970-4989-8A46-0015BD34272A}.Ad-Hoc|ARM.Build.0 = Debug|Any CPU
		{1BB741DA-3970-4989-8A46-0015BD34272A}.Ad-Hoc|iPhone.ActiveCfg = Debug|Any CPU
		{1BB741DA-3970-4989-8A46-0015BD34272A}.Ad-Hoc|iPhone.Build.0 = Debug|Any CPU
		{1BB741DA-3970-4989-8A46-0015BD34272A}.Ad-Hoc|iPhoneSimulator.ActiveCfg = Debug|Any CPU
		{1BB741DA-3970-4989-8A46-0015BD34272A}.Ad-Hoc|iPhoneSimulator.Build.0 = Debug|Any CPU
		{1BB741DA-3970-4989-8A46-0015BD34272A}.Ad-Hoc|x64.ActiveCfg = Debug|Any CPU
		{1BB741DA-3970-4989-8A46-0015BD34272A}.Ad-Hoc|x64.Build.0 = Debug|Any CPU
		{1BB741DA-3970-4989-8A46-0015BD34272A}.Ad-Hoc|x86.ActiveCfg = Debug|Any CPU
		{1BB741DA-3970-4989-8A46-0015BD34272A}.Ad-Hoc|x86.Build.0 = Debug|Any CPU
		{1BB741DA-3970-4989-8A46-0015BD34272A}.AppStore|Any CPU.ActiveCfg = Debug|Any CPU
		{1BB741DA-3970-4989-8A46-0015BD34272A}.AppStore|Any CPU.Build.0 = Debug|Any CPU
		{1BB741DA-3970-4989-8A46-0015BD34272A}.AppStore|ARM.ActiveCfg = Debug|Any CPU
		{1BB741DA-3970-4989-8A46-0015BD34272A}.AppStore|ARM.Build.0 = Debug|Any CPU
		{1BB741DA-3970-4989-8A46-0015BD34272A}.AppStore|iPhone.ActiveCfg = Debug|Any CPU
		{1BB741DA-3970-4989-8A46-0015BD34272A}.AppStore|iPhone.Build.0 = Debug|Any CPU
		{1BB741DA-3970-4989-8A46-0015BD34272A}.AppStore|iPhoneSimulator.ActiveCfg = Debug|Any CPU
		{1BB741DA-3970-4989-8A46-0015BD34272A}.AppStore|iPhoneSimulator.Build.0 = Debug|Any CPU
		{1BB741DA-3970-4989-8A46-0015BD34272A}.AppStore|x64.ActiveCfg = Debug|Any CPU
		{1BB741DA-3970-4989-8A46-0015BD34272A}.AppStore|x64.Build.0 = Debug|Any CPU
		{1BB741DA-3970-4989-8A46-0015BD34272A}.AppStore|x86.ActiveCfg = Debug|Any CPU
		{1BB741DA-3970-4989-8A46-0015BD34272A}.AppStore|x86.Build.0 = Debug|Any CPU
		{1BB741DA-3970-4989-8A46-0015BD34272A}.Debug|Any CPU.ActiveCfg = Debug|Any CPU
		{1BB741DA-3970-4989-8A46-0015BD34272A}.Debug|Any CPU.Build.0 = Debug|Any CPU
		{1BB741DA-3970-4989-8A46-0015BD34272A}.Debug|ARM.ActiveCfg = Debug|Any CPU
		{1BB741DA-3970-4989-8A46-0015BD34272A}.Debug|ARM.Build.0 = Debug|Any CPU
		{1BB741DA-3970-4989-8A46-0015BD34272A}.Debug|iPhone.ActiveCfg = Debug|Any CPU
		{1BB741DA-3970-4989-8A46-0015BD34272A}.Debug|iPhone.Build.0 = Debug|Any CPU
		{1BB741DA-3970-4989-8A46-0015BD34272A}.Debug|iPhoneSimulator.ActiveCfg = Debug|Any CPU
		{1BB741DA-3970-4989-8A46-0015BD34272A}.Debug|iPhoneSimulator.Build.0 = Debug|Any CPU
		{1BB741DA-3970-4989-8A46-0015BD34272A}.Debug|x64.ActiveCfg = Debug|Any CPU
		{1BB741DA-3970-4989-8A46-0015BD34272A}.Debug|x64.Build.0 = Debug|Any CPU
		{1BB741DA-3970-4989-8A46-0015BD34272A}.Debug|x86.ActiveCfg = Debug|Any CPU
		{1BB741DA-3970-4989-8A46-0015BD34272A}.Debug|x86.Build.0 = Debug|Any CPU
		{1BB741DA-3970-4989-8A46-0015BD34272A}.Release|Any CPU.ActiveCfg = Release|Any CPU
		{1BB741DA-3970-4989-8A46-0015BD34272A}.Release|Any CPU.Build.0 = Release|Any CPU
		{1BB741DA-3970-4989-8A46-0015BD34272A}.Release|ARM.ActiveCfg = Release|Any CPU
		{1BB741DA-3970-4989-8A46-0015BD34272A}.Release|ARM.Build.0 = Release|Any CPU
		{1BB741DA-3970-4989-8A46-0015BD34272A}.Release|iPhone.ActiveCfg = Release|Any CPU
		{1BB741DA-3970-4989-8A46-0015BD34272A}.Release|iPhone.Build.0 = Release|Any CPU
		{1BB741DA-3970-4989-8A46-0015BD34272A}.Release|iPhoneSimulator.ActiveCfg = Release|Any CPU
		{1BB741DA-3970-4989-8A46-0015BD34272A}.Release|iPhoneSimulator.Build.0 = Release|Any CPU
		{1BB741DA-3970-4989-8A46-0015BD34272A}.Release|x64.ActiveCfg = Release|Any CPU
		{1BB741DA-3970-4989-8A46-0015BD34272A}.Release|x64.Build.0 = Release|Any CPU
		{1BB741DA-3970-4989-8A46-0015BD34272A}.Release|x86.ActiveCfg = Release|Any CPU
		{1BB741DA-3970-4989-8A46-0015BD34272A}.Release|x86.Build.0 = Release|Any CPU
		{855137B0-CA68-4C86-9C2B-C71470C463BC}.Ad-Hoc|Any CPU.ActiveCfg = Debug|Any CPU
		{855137B0-CA68-4C86-9C2B-C71470C463BC}.Ad-Hoc|Any CPU.Build.0 = Debug|Any CPU
		{855137B0-CA68-4C86-9C2B-C71470C463BC}.Ad-Hoc|ARM.ActiveCfg = Debug|Any CPU
		{855137B0-CA68-4C86-9C2B-C71470C463BC}.Ad-Hoc|ARM.Build.0 = Debug|Any CPU
		{855137B0-CA68-4C86-9C2B-C71470C463BC}.Ad-Hoc|iPhone.ActiveCfg = Debug|Any CPU
		{855137B0-CA68-4C86-9C2B-C71470C463BC}.Ad-Hoc|iPhone.Build.0 = Debug|Any CPU
		{855137B0-CA68-4C86-9C2B-C71470C463BC}.Ad-Hoc|iPhoneSimulator.ActiveCfg = Debug|Any CPU
		{855137B0-CA68-4C86-9C2B-C71470C463BC}.Ad-Hoc|iPhoneSimulator.Build.0 = Debug|Any CPU
		{855137B0-CA68-4C86-9C2B-C71470C463BC}.Ad-Hoc|x64.ActiveCfg = Debug|Any CPU
		{855137B0-CA68-4C86-9C2B-C71470C463BC}.Ad-Hoc|x64.Build.0 = Debug|Any CPU
		{855137B0-CA68-4C86-9C2B-C71470C463BC}.Ad-Hoc|x86.ActiveCfg = Debug|Any CPU
		{855137B0-CA68-4C86-9C2B-C71470C463BC}.Ad-Hoc|x86.Build.0 = Debug|Any CPU
		{855137B0-CA68-4C86-9C2B-C71470C463BC}.AppStore|Any CPU.ActiveCfg = Debug|Any CPU
		{855137B0-CA68-4C86-9C2B-C71470C463BC}.AppStore|Any CPU.Build.0 = Debug|Any CPU
		{855137B0-CA68-4C86-9C2B-C71470C463BC}.AppStore|ARM.ActiveCfg = Debug|Any CPU
		{855137B0-CA68-4C86-9C2B-C71470C463BC}.AppStore|ARM.Build.0 = Debug|Any CPU
		{855137B0-CA68-4C86-9C2B-C71470C463BC}.AppStore|iPhone.ActiveCfg = Debug|Any CPU
		{855137B0-CA68-4C86-9C2B-C71470C463BC}.AppStore|iPhone.Build.0 = Debug|Any CPU
		{855137B0-CA68-4C86-9C2B-C71470C463BC}.AppStore|iPhoneSimulator.ActiveCfg = Debug|Any CPU
		{855137B0-CA68-4C86-9C2B-C71470C463BC}.AppStore|iPhoneSimulator.Build.0 = Debug|Any CPU
		{855137B0-CA68-4C86-9C2B-C71470C463BC}.AppStore|x64.ActiveCfg = Debug|Any CPU
		{855137B0-CA68-4C86-9C2B-C71470C463BC}.AppStore|x64.Build.0 = Debug|Any CPU
		{855137B0-CA68-4C86-9C2B-C71470C463BC}.AppStore|x86.ActiveCfg = Debug|Any CPU
		{855137B0-CA68-4C86-9C2B-C71470C463BC}.AppStore|x86.Build.0 = Debug|Any CPU
		{855137B0-CA68-4C86-9C2B-C71470C463BC}.Debug|Any CPU.ActiveCfg = Debug|Any CPU
		{855137B0-CA68-4C86-9C2B-C71470C463BC}.Debug|Any CPU.Build.0 = Debug|Any CPU
		{855137B0-CA68-4C86-9C2B-C71470C463BC}.Debug|ARM.ActiveCfg = Debug|Any CPU
		{855137B0-CA68-4C86-9C2B-C71470C463BC}.Debug|ARM.Build.0 = Debug|Any CPU
		{855137B0-CA68-4C86-9C2B-C71470C463BC}.Debug|iPhone.ActiveCfg = Debug|Any CPU
		{855137B0-CA68-4C86-9C2B-C71470C463BC}.Debug|iPhone.Build.0 = Debug|Any CPU
		{855137B0-CA68-4C86-9C2B-C71470C463BC}.Debug|iPhoneSimulator.ActiveCfg = Debug|Any CPU
		{855137B0-CA68-4C86-9C2B-C71470C463BC}.Debug|iPhoneSimulator.Build.0 = Debug|Any CPU
		{855137B0-CA68-4C86-9C2B-C71470C463BC}.Debug|x64.ActiveCfg = Debug|Any CPU
		{855137B0-CA68-4C86-9C2B-C71470C463BC}.Debug|x64.Build.0 = Debug|Any CPU
		{855137B0-CA68-4C86-9C2B-C71470C463BC}.Debug|x86.ActiveCfg = Debug|Any CPU
		{855137B0-CA68-4C86-9C2B-C71470C463BC}.Debug|x86.Build.0 = Debug|Any CPU
		{855137B0-CA68-4C86-9C2B-C71470C463BC}.Release|Any CPU.ActiveCfg = Release|Any CPU
		{855137B0-CA68-4C86-9C2B-C71470C463BC}.Release|Any CPU.Build.0 = Release|Any CPU
		{855137B0-CA68-4C86-9C2B-C71470C463BC}.Release|ARM.ActiveCfg = Release|Any CPU
		{855137B0-CA68-4C86-9C2B-C71470C463BC}.Release|ARM.Build.0 = Release|Any CPU
		{855137B0-CA68-4C86-9C2B-C71470C463BC}.Release|iPhone.ActiveCfg = Release|Any CPU
		{855137B0-CA68-4C86-9C2B-C71470C463BC}.Release|iPhone.Build.0 = Release|Any CPU
		{855137B0-CA68-4C86-9C2B-C71470C463BC}.Release|iPhoneSimulator.ActiveCfg = Release|Any CPU
		{855137B0-CA68-4C86-9C2B-C71470C463BC}.Release|iPhoneSimulator.Build.0 = Release|Any CPU
		{855137B0-CA68-4C86-9C2B-C71470C463BC}.Release|x64.ActiveCfg = Release|Any CPU
		{855137B0-CA68-4C86-9C2B-C71470C463BC}.Release|x64.Build.0 = Release|Any CPU
		{855137B0-CA68-4C86-9C2B-C71470C463BC}.Release|x86.ActiveCfg = Release|Any CPU
		{855137B0-CA68-4C86-9C2B-C71470C463BC}.Release|x86.Build.0 = Release|Any CPU
		{CF90E88B-0DB3-404F-8C2C-C26E07D2E531}.Ad-Hoc|Any CPU.ActiveCfg = Debug|Any CPU
		{CF90E88B-0DB3-404F-8C2C-C26E07D2E531}.Ad-Hoc|Any CPU.Build.0 = Debug|Any CPU
		{CF90E88B-0DB3-404F-8C2C-C26E07D2E531}.Ad-Hoc|ARM.ActiveCfg = Debug|Any CPU
		{CF90E88B-0DB3-404F-8C2C-C26E07D2E531}.Ad-Hoc|ARM.Build.0 = Debug|Any CPU
		{CF90E88B-0DB3-404F-8C2C-C26E07D2E531}.Ad-Hoc|iPhone.ActiveCfg = Debug|Any CPU
		{CF90E88B-0DB3-404F-8C2C-C26E07D2E531}.Ad-Hoc|iPhone.Build.0 = Debug|Any CPU
		{CF90E88B-0DB3-404F-8C2C-C26E07D2E531}.Ad-Hoc|iPhoneSimulator.ActiveCfg = Debug|Any CPU
		{CF90E88B-0DB3-404F-8C2C-C26E07D2E531}.Ad-Hoc|iPhoneSimulator.Build.0 = Debug|Any CPU
		{CF90E88B-0DB3-404F-8C2C-C26E07D2E531}.Ad-Hoc|x64.ActiveCfg = Debug|Any CPU
		{CF90E88B-0DB3-404F-8C2C-C26E07D2E531}.Ad-Hoc|x64.Build.0 = Debug|Any CPU
		{CF90E88B-0DB3-404F-8C2C-C26E07D2E531}.Ad-Hoc|x86.ActiveCfg = Debug|Any CPU
		{CF90E88B-0DB3-404F-8C2C-C26E07D2E531}.Ad-Hoc|x86.Build.0 = Debug|Any CPU
		{CF90E88B-0DB3-404F-8C2C-C26E07D2E531}.AppStore|Any CPU.ActiveCfg = Debug|Any CPU
		{CF90E88B-0DB3-404F-8C2C-C26E07D2E531}.AppStore|Any CPU.Build.0 = Debug|Any CPU
		{CF90E88B-0DB3-404F-8C2C-C26E07D2E531}.AppStore|ARM.ActiveCfg = Debug|Any CPU
		{CF90E88B-0DB3-404F-8C2C-C26E07D2E531}.AppStore|ARM.Build.0 = Debug|Any CPU
		{CF90E88B-0DB3-404F-8C2C-C26E07D2E531}.AppStore|iPhone.ActiveCfg = Debug|Any CPU
		{CF90E88B-0DB3-404F-8C2C-C26E07D2E531}.AppStore|iPhone.Build.0 = Debug|Any CPU
		{CF90E88B-0DB3-404F-8C2C-C26E07D2E531}.AppStore|iPhoneSimulator.ActiveCfg = Debug|Any CPU
		{CF90E88B-0DB3-404F-8C2C-C26E07D2E531}.AppStore|iPhoneSimulator.Build.0 = Debug|Any CPU
		{CF90E88B-0DB3-404F-8C2C-C26E07D2E531}.AppStore|x64.ActiveCfg = Debug|Any CPU
		{CF90E88B-0DB3-404F-8C2C-C26E07D2E531}.AppStore|x64.Build.0 = Debug|Any CPU
		{CF90E88B-0DB3-404F-8C2C-C26E07D2E531}.AppStore|x86.ActiveCfg = Debug|Any CPU
		{CF90E88B-0DB3-404F-8C2C-C26E07D2E531}.AppStore|x86.Build.0 = Debug|Any CPU
		{CF90E88B-0DB3-404F-8C2C-C26E07D2E531}.Debug|Any CPU.ActiveCfg = Debug|Any CPU
		{CF90E88B-0DB3-404F-8C2C-C26E07D2E531}.Debug|Any CPU.Build.0 = Debug|Any CPU
		{CF90E88B-0DB3-404F-8C2C-C26E07D2E531}.Debug|ARM.ActiveCfg = Debug|Any CPU
		{CF90E88B-0DB3-404F-8C2C-C26E07D2E531}.Debug|ARM.Build.0 = Debug|Any CPU
		{CF90E88B-0DB3-404F-8C2C-C26E07D2E531}.Debug|iPhone.ActiveCfg = Debug|Any CPU
		{CF90E88B-0DB3-404F-8C2C-C26E07D2E531}.Debug|iPhone.Build.0 = Debug|Any CPU
		{CF90E88B-0DB3-404F-8C2C-C26E07D2E531}.Debug|iPhoneSimulator.ActiveCfg = Debug|Any CPU
		{CF90E88B-0DB3-404F-8C2C-C26E07D2E531}.Debug|iPhoneSimulator.Build.0 = Debug|Any CPU
		{CF90E88B-0DB3-404F-8C2C-C26E07D2E531}.Debug|x64.ActiveCfg = Debug|Any CPU
		{CF90E88B-0DB3-404F-8C2C-C26E07D2E531}.Debug|x64.Build.0 = Debug|Any CPU
		{CF90E88B-0DB3-404F-8C2C-C26E07D2E531}.Debug|x86.ActiveCfg = Debug|Any CPU
		{CF90E88B-0DB3-404F-8C2C-C26E07D2E531}.Debug|x86.Build.0 = Debug|Any CPU
		{CF90E88B-0DB3-404F-8C2C-C26E07D2E531}.Release|Any CPU.ActiveCfg = Release|Any CPU
		{CF90E88B-0DB3-404F-8C2C-C26E07D2E531}.Release|Any CPU.Build.0 = Release|Any CPU
		{CF90E88B-0DB3-404F-8C2C-C26E07D2E531}.Release|ARM.ActiveCfg = Release|Any CPU
		{CF90E88B-0DB3-404F-8C2C-C26E07D2E531}.Release|ARM.Build.0 = Release|Any CPU
		{CF90E88B-0DB3-404F-8C2C-C26E07D2E531}.Release|iPhone.ActiveCfg = Release|Any CPU
		{CF90E88B-0DB3-404F-8C2C-C26E07D2E531}.Release|iPhone.Build.0 = Release|Any CPU
		{CF90E88B-0DB3-404F-8C2C-C26E07D2E531}.Release|iPhoneSimulator.ActiveCfg = Release|Any CPU
		{CF90E88B-0DB3-404F-8C2C-C26E07D2E531}.Release|iPhoneSimulator.Build.0 = Release|Any CPU
		{CF90E88B-0DB3-404F-8C2C-C26E07D2E531}.Release|x64.ActiveCfg = Release|Any CPU
		{CF90E88B-0DB3-404F-8C2C-C26E07D2E531}.Release|x64.Build.0 = Release|Any CPU
		{CF90E88B-0DB3-404F-8C2C-C26E07D2E531}.Release|x86.ActiveCfg = Release|Any CPU
		{CF90E88B-0DB3-404F-8C2C-C26E07D2E531}.Release|x86.Build.0 = Release|Any CPU
		{B5DA0CBA-D310-4EE1-8E9F-F59500D5437F}.Ad-Hoc|Any CPU.ActiveCfg = Debug|Any CPU
		{B5DA0CBA-D310-4EE1-8E9F-F59500D5437F}.Ad-Hoc|Any CPU.Build.0 = Debug|Any CPU
		{B5DA0CBA-D310-4EE1-8E9F-F59500D5437F}.Ad-Hoc|ARM.ActiveCfg = Debug|Any CPU
		{B5DA0CBA-D310-4EE1-8E9F-F59500D5437F}.Ad-Hoc|ARM.Build.0 = Debug|Any CPU
		{B5DA0CBA-D310-4EE1-8E9F-F59500D5437F}.Ad-Hoc|iPhone.ActiveCfg = Debug|Any CPU
		{B5DA0CBA-D310-4EE1-8E9F-F59500D5437F}.Ad-Hoc|iPhone.Build.0 = Debug|Any CPU
		{B5DA0CBA-D310-4EE1-8E9F-F59500D5437F}.Ad-Hoc|iPhoneSimulator.ActiveCfg = Debug|Any CPU
		{B5DA0CBA-D310-4EE1-8E9F-F59500D5437F}.Ad-Hoc|iPhoneSimulator.Build.0 = Debug|Any CPU
		{B5DA0CBA-D310-4EE1-8E9F-F59500D5437F}.Ad-Hoc|x64.ActiveCfg = Debug|Any CPU
		{B5DA0CBA-D310-4EE1-8E9F-F59500D5437F}.Ad-Hoc|x64.Build.0 = Debug|Any CPU
		{B5DA0CBA-D310-4EE1-8E9F-F59500D5437F}.Ad-Hoc|x86.ActiveCfg = Debug|Any CPU
		{B5DA0CBA-D310-4EE1-8E9F-F59500D5437F}.Ad-Hoc|x86.Build.0 = Debug|Any CPU
		{B5DA0CBA-D310-4EE1-8E9F-F59500D5437F}.AppStore|Any CPU.ActiveCfg = Debug|Any CPU
		{B5DA0CBA-D310-4EE1-8E9F-F59500D5437F}.AppStore|Any CPU.Build.0 = Debug|Any CPU
		{B5DA0CBA-D310-4EE1-8E9F-F59500D5437F}.AppStore|ARM.ActiveCfg = Debug|Any CPU
		{B5DA0CBA-D310-4EE1-8E9F-F59500D5437F}.AppStore|ARM.Build.0 = Debug|Any CPU
		{B5DA0CBA-D310-4EE1-8E9F-F59500D5437F}.AppStore|iPhone.ActiveCfg = Debug|Any CPU
		{B5DA0CBA-D310-4EE1-8E9F-F59500D5437F}.AppStore|iPhone.Build.0 = Debug|Any CPU
		{B5DA0CBA-D310-4EE1-8E9F-F59500D5437F}.AppStore|iPhoneSimulator.ActiveCfg = Debug|Any CPU
		{B5DA0CBA-D310-4EE1-8E9F-F59500D5437F}.AppStore|iPhoneSimulator.Build.0 = Debug|Any CPU
		{B5DA0CBA-D310-4EE1-8E9F-F59500D5437F}.AppStore|x64.ActiveCfg = Debug|Any CPU
		{B5DA0CBA-D310-4EE1-8E9F-F59500D5437F}.AppStore|x64.Build.0 = Debug|Any CPU
		{B5DA0CBA-D310-4EE1-8E9F-F59500D5437F}.AppStore|x86.ActiveCfg = Debug|Any CPU
		{B5DA0CBA-D310-4EE1-8E9F-F59500D5437F}.AppStore|x86.Build.0 = Debug|Any CPU
		{B5DA0CBA-D310-4EE1-8E9F-F59500D5437F}.Debug|Any CPU.ActiveCfg = Debug|Any CPU
		{B5DA0CBA-D310-4EE1-8E9F-F59500D5437F}.Debug|Any CPU.Build.0 = Debug|Any CPU
		{B5DA0CBA-D310-4EE1-8E9F-F59500D5437F}.Debug|ARM.ActiveCfg = Debug|Any CPU
		{B5DA0CBA-D310-4EE1-8E9F-F59500D5437F}.Debug|ARM.Build.0 = Debug|Any CPU
		{B5DA0CBA-D310-4EE1-8E9F-F59500D5437F}.Debug|iPhone.ActiveCfg = Debug|Any CPU
		{B5DA0CBA-D310-4EE1-8E9F-F59500D5437F}.Debug|iPhone.Build.0 = Debug|Any CPU
		{B5DA0CBA-D310-4EE1-8E9F-F59500D5437F}.Debug|iPhoneSimulator.ActiveCfg = Debug|Any CPU
		{B5DA0CBA-D310-4EE1-8E9F-F59500D5437F}.Debug|iPhoneSimulator.Build.0 = Debug|Any CPU
		{B5DA0CBA-D310-4EE1-8E9F-F59500D5437F}.Debug|x64.ActiveCfg = Debug|Any CPU
		{B5DA0CBA-D310-4EE1-8E9F-F59500D5437F}.Debug|x64.Build.0 = Debug|Any CPU
		{B5DA0CBA-D310-4EE1-8E9F-F59500D5437F}.Debug|x86.ActiveCfg = Debug|Any CPU
		{B5DA0CBA-D310-4EE1-8E9F-F59500D5437F}.Debug|x86.Build.0 = Debug|Any CPU
		{B5DA0CBA-D310-4EE1-8E9F-F59500D5437F}.Release|Any CPU.ActiveCfg = Release|Any CPU
		{B5DA0CBA-D310-4EE1-8E9F-F59500D5437F}.Release|Any CPU.Build.0 = Release|Any CPU
		{B5DA0CBA-D310-4EE1-8E9F-F59500D5437F}.Release|ARM.ActiveCfg = Release|Any CPU
		{B5DA0CBA-D310-4EE1-8E9F-F59500D5437F}.Release|ARM.Build.0 = Release|Any CPU
		{B5DA0CBA-D310-4EE1-8E9F-F59500D5437F}.Release|iPhone.ActiveCfg = Release|Any CPU
		{B5DA0CBA-D310-4EE1-8E9F-F59500D5437F}.Release|iPhone.Build.0 = Release|Any CPU
		{B5DA0CBA-D310-4EE1-8E9F-F59500D5437F}.Release|iPhoneSimulator.ActiveCfg = Release|Any CPU
		{B5DA0CBA-D310-4EE1-8E9F-F59500D5437F}.Release|iPhoneSimulator.Build.0 = Release|Any CPU
		{B5DA0CBA-D310-4EE1-8E9F-F59500D5437F}.Release|x64.ActiveCfg = Release|Any CPU
		{B5DA0CBA-D310-4EE1-8E9F-F59500D5437F}.Release|x64.Build.0 = Release|Any CPU
		{B5DA0CBA-D310-4EE1-8E9F-F59500D5437F}.Release|x86.ActiveCfg = Release|Any CPU
		{B5DA0CBA-D310-4EE1-8E9F-F59500D5437F}.Release|x86.Build.0 = Release|Any CPU
		{06C54229-6C73-4211-BF60-D8ECE90778DF}.Ad-Hoc|Any CPU.ActiveCfg = Release|Any CPU
		{06C54229-6C73-4211-BF60-D8ECE90778DF}.Ad-Hoc|Any CPU.Build.0 = Release|Any CPU
		{06C54229-6C73-4211-BF60-D8ECE90778DF}.Ad-Hoc|ARM.ActiveCfg = Release|Any CPU
		{06C54229-6C73-4211-BF60-D8ECE90778DF}.Ad-Hoc|ARM.Build.0 = Release|Any CPU
		{06C54229-6C73-4211-BF60-D8ECE90778DF}.Ad-Hoc|iPhone.ActiveCfg = Release|Any CPU
		{06C54229-6C73-4211-BF60-D8ECE90778DF}.Ad-Hoc|iPhone.Build.0 = Release|Any CPU
		{06C54229-6C73-4211-BF60-D8ECE90778DF}.Ad-Hoc|iPhoneSimulator.ActiveCfg = Release|Any CPU
		{06C54229-6C73-4211-BF60-D8ECE90778DF}.Ad-Hoc|iPhoneSimulator.Build.0 = Release|Any CPU
		{06C54229-6C73-4211-BF60-D8ECE90778DF}.Ad-Hoc|x64.ActiveCfg = Release|Any CPU
		{06C54229-6C73-4211-BF60-D8ECE90778DF}.Ad-Hoc|x64.Build.0 = Release|Any CPU
		{06C54229-6C73-4211-BF60-D8ECE90778DF}.Ad-Hoc|x86.ActiveCfg = Release|Any CPU
		{06C54229-6C73-4211-BF60-D8ECE90778DF}.Ad-Hoc|x86.Build.0 = Release|Any CPU
		{06C54229-6C73-4211-BF60-D8ECE90778DF}.AppStore|Any CPU.ActiveCfg = Release|Any CPU
		{06C54229-6C73-4211-BF60-D8ECE90778DF}.AppStore|Any CPU.Build.0 = Release|Any CPU
		{06C54229-6C73-4211-BF60-D8ECE90778DF}.AppStore|ARM.ActiveCfg = Release|Any CPU
		{06C54229-6C73-4211-BF60-D8ECE90778DF}.AppStore|ARM.Build.0 = Release|Any CPU
		{06C54229-6C73-4211-BF60-D8ECE90778DF}.AppStore|iPhone.ActiveCfg = Release|Any CPU
		{06C54229-6C73-4211-BF60-D8ECE90778DF}.AppStore|iPhone.Build.0 = Release|Any CPU
		{06C54229-6C73-4211-BF60-D8ECE90778DF}.AppStore|iPhoneSimulator.ActiveCfg = Release|Any CPU
		{06C54229-6C73-4211-BF60-D8ECE90778DF}.AppStore|iPhoneSimulator.Build.0 = Release|Any CPU
		{06C54229-6C73-4211-BF60-D8ECE90778DF}.AppStore|x64.ActiveCfg = Release|Any CPU
		{06C54229-6C73-4211-BF60-D8ECE90778DF}.AppStore|x64.Build.0 = Release|Any CPU
		{06C54229-6C73-4211-BF60-D8ECE90778DF}.AppStore|x86.ActiveCfg = Release|Any CPU
		{06C54229-6C73-4211-BF60-D8ECE90778DF}.AppStore|x86.Build.0 = Release|Any CPU
		{06C54229-6C73-4211-BF60-D8ECE90778DF}.Debug|Any CPU.ActiveCfg = Debug|Any CPU
		{06C54229-6C73-4211-BF60-D8ECE90778DF}.Debug|Any CPU.Build.0 = Debug|Any CPU
		{06C54229-6C73-4211-BF60-D8ECE90778DF}.Debug|ARM.ActiveCfg = Debug|Any CPU
		{06C54229-6C73-4211-BF60-D8ECE90778DF}.Debug|ARM.Build.0 = Debug|Any CPU
		{06C54229-6C73-4211-BF60-D8ECE90778DF}.Debug|iPhone.ActiveCfg = Debug|Any CPU
		{06C54229-6C73-4211-BF60-D8ECE90778DF}.Debug|iPhone.Build.0 = Debug|Any CPU
		{06C54229-6C73-4211-BF60-D8ECE90778DF}.Debug|iPhoneSimulator.ActiveCfg = Debug|Any CPU
		{06C54229-6C73-4211-BF60-D8ECE90778DF}.Debug|iPhoneSimulator.Build.0 = Debug|Any CPU
		{06C54229-6C73-4211-BF60-D8ECE90778DF}.Debug|x64.ActiveCfg = Debug|Any CPU
		{06C54229-6C73-4211-BF60-D8ECE90778DF}.Debug|x64.Build.0 = Debug|Any CPU
		{06C54229-6C73-4211-BF60-D8ECE90778DF}.Debug|x86.ActiveCfg = Debug|Any CPU
		{06C54229-6C73-4211-BF60-D8ECE90778DF}.Debug|x86.Build.0 = Debug|Any CPU
		{06C54229-6C73-4211-BF60-D8ECE90778DF}.Release|Any CPU.ActiveCfg = Release|Any CPU
		{06C54229-6C73-4211-BF60-D8ECE90778DF}.Release|Any CPU.Build.0 = Release|Any CPU
		{06C54229-6C73-4211-BF60-D8ECE90778DF}.Release|ARM.ActiveCfg = Release|Any CPU
		{06C54229-6C73-4211-BF60-D8ECE90778DF}.Release|ARM.Build.0 = Release|Any CPU
		{06C54229-6C73-4211-BF60-D8ECE90778DF}.Release|iPhone.ActiveCfg = Release|Any CPU
		{06C54229-6C73-4211-BF60-D8ECE90778DF}.Release|iPhone.Build.0 = Release|Any CPU
		{06C54229-6C73-4211-BF60-D8ECE90778DF}.Release|iPhoneSimulator.ActiveCfg = Release|Any CPU
		{06C54229-6C73-4211-BF60-D8ECE90778DF}.Release|iPhoneSimulator.Build.0 = Release|Any CPU
		{06C54229-6C73-4211-BF60-D8ECE90778DF}.Release|x64.ActiveCfg = Release|Any CPU
		{06C54229-6C73-4211-BF60-D8ECE90778DF}.Release|x64.Build.0 = Release|Any CPU
		{06C54229-6C73-4211-BF60-D8ECE90778DF}.Release|x86.ActiveCfg = Release|Any CPU
		{06C54229-6C73-4211-BF60-D8ECE90778DF}.Release|x86.Build.0 = Release|Any CPU
	EndGlobalSection
	GlobalSection(SolutionProperties) = preSolution
		HideSolutionNode = FALSE
	EndGlobalSection
	GlobalSection(NestedProjects) = preSolution
		{AC25E89D-CA9A-42E1-A97A-BA227BF53F34} = {E7B25EA8-2567-4DE5-8D5A-8371E5622CBD}
		{351F3437-BDDC-4627-B2A2-D373F9016F92} = {EDC03951-F2CE-4A71-88AF-D112C339E7D5}
		{CFA78A7C-EFD5-4262-B59B-64926EA6E0C2} = {EDC03951-F2CE-4A71-88AF-D112C339E7D5}
		{6F6476AE-9004-41D0-B7D3-870F31286335} = {EDC03951-F2CE-4A71-88AF-D112C339E7D5}
		{203FAE52-CE17-4CDB-94D7-BB6FC7946BCE} = {EDC03951-F2CE-4A71-88AF-D112C339E7D5}
		{EDB152EE-7E43-47C0-A44F-908637FA8A43} = {EDC03951-F2CE-4A71-88AF-D112C339E7D5}
		{5E7F4BFB-436E-47CF-9B31-C82676F4BB6D} = {86048326-5504-4F8A-8F5E-50A5086E616A}
		{4CDAA5AD-51A6-494A-AEA8-36D6E4F9585D} = {86048326-5504-4F8A-8F5E-50A5086E616A}
		{0521DB93-A11C-48D2-AD56-71E26049467C} = {EDF748D2-9784-449C-BA87-1856981D06EE}
		{A76E63CB-7F78-48F9-8724-2AA20E0C6E2A} = {EDF748D2-9784-449C-BA87-1856981D06EE}
		{1BB741DA-3970-4989-8A46-0015BD34272A} = {C510CA19-430C-4F39-AF06-CD8275C14094}
		{855137B0-CA68-4C86-9C2B-C71470C463BC} = {C510CA19-430C-4F39-AF06-CD8275C14094}
		{CF90E88B-0DB3-404F-8C2C-C26E07D2E531} = {BD0F9BE8-EB89-40E7-8D10-24EAC5D84440}
		{B5DA0CBA-D310-4EE1-8E9F-F59500D5437F} = {BD0F9BE8-EB89-40E7-8D10-24EAC5D84440}
		{06C54229-6C73-4211-BF60-D8ECE90778DF} = {BD0F9BE8-EB89-40E7-8D10-24EAC5D84440}
	EndGlobalSection
	GlobalSection(ExtensibilityGlobals) = postSolution
		SolutionGuid = {2BD63229-7821-4C0D-98C9-D5D046E60B9E}
	EndGlobalSection
EndGlobal
